// !$*UTF8*$!
{
	archiveVersion = 1;
	classes = {
	};
	objectVersion = 46;
	objects = {

/* Begin PBXBuildFile section */
		850013AC1D58ABC600D2CC6F /* SettingCell.m in Sources */ = {isa = PBXBuildFile; fileRef = 850013AB1D58ABC600D2CC6F /* SettingCell.m */; };
		850013AF1D58ABDE00D2CC6F /* SettingItem.m in Sources */ = {isa = PBXBuildFile; fileRef = 850013AE1D58ABDE00D2CC6F /* SettingItem.m */; };
		850013B21D58ACBF00D2CC6F /* SettingArrowItem.m in Sources */ = {isa = PBXBuildFile; fileRef = 850013B11D58ACBF00D2CC6F /* SettingArrowItem.m */; };
		850013B51D58ACDE00D2CC6F /* SettingSwitchItem.m in Sources */ = {isa = PBXBuildFile; fileRef = 850013B41D58ACDE00D2CC6F /* SettingSwitchItem.m */; };
		850013B81D58C80000D2CC6F /* SettingGroup.m in Sources */ = {isa = PBXBuildFile; fileRef = 850013B71D58C7FF00D2CC6F /* SettingGroup.m */; };
		850A080B1D3E22C000DA0FDE /* HTTPRequester.m in Sources */ = {isa = PBXBuildFile; fileRef = 850A080A1D3E22C000DA0FDE /* HTTPRequester.m */; };
		852064F61D16D7D70073F05C /* main.m in Sources */ = {isa = PBXBuildFile; fileRef = 852064F51D16D7D70073F05C /* main.m */; };
		852064F91D16D7D70073F05C /* AppDelegate.m in Sources */ = {isa = PBXBuildFile; fileRef = 852064F81D16D7D70073F05C /* AppDelegate.m */; };
		852064FF1D16D7D70073F05C /* Main.storyboard in Resources */ = {isa = PBXBuildFile; fileRef = 852064FD1D16D7D70073F05C /* Main.storyboard */; };
		852065011D16D7D70073F05C /* Assets.xcassets in Resources */ = {isa = PBXBuildFile; fileRef = 852065001D16D7D70073F05C /* Assets.xcassets */; };
		852065041D16D7D70073F05C /* LaunchScreen.storyboard in Resources */ = {isa = PBXBuildFile; fileRef = 852065021D16D7D70073F05C /* LaunchScreen.storyboard */; };
		8520650F1D16D7D70073F05C /* cnBetaTests.m in Sources */ = {isa = PBXBuildFile; fileRef = 8520650E1D16D7D70073F05C /* cnBetaTests.m */; };
		8520651A1D16D7D70073F05C /* cnBetaUITests.m in Sources */ = {isa = PBXBuildFile; fileRef = 852065191D16D7D70073F05C /* cnBetaUITests.m */; };
		852065291D16DB410073F05C /* NewsTableViewController.m in Sources */ = {isa = PBXBuildFile; fileRef = 852065281D16DB410073F05C /* NewsTableViewController.m */; };
		852065381D16E8E20073F05C /* sdRefeshView_arrow@2x.png in Resources */ = {isa = PBXBuildFile; fileRef = 8520652E1D16E8E20073F05C /* sdRefeshView_arrow@2x.png */; };
		852065391D16E8E20073F05C /* SDRefreshFooterView.m in Sources */ = {isa = PBXBuildFile; fileRef = 852065311D16E8E20073F05C /* SDRefreshFooterView.m */; };
		8520653A1D16E8E20073F05C /* SDRefreshHeaderView.m in Sources */ = {isa = PBXBuildFile; fileRef = 852065331D16E8E20073F05C /* SDRefreshHeaderView.m */; };
		8520653B1D16E8E20073F05C /* SDRefreshView.m in Sources */ = {isa = PBXBuildFile; fileRef = 852065351D16E8E20073F05C /* SDRefreshView.m */; };
		8520653C1D16E8E20073F05C /* UIView+SDExtension.m in Sources */ = {isa = PBXBuildFile; fileRef = 852065371D16E8E20073F05C /* UIView+SDExtension.m */; };
		8520653F1D17E25A0073F05C /* UIViewController+DownloadNews.m in Sources */ = {isa = PBXBuildFile; fileRef = 8520653E1D17E25A0073F05C /* UIViewController+DownloadNews.m */; };
		852065481D1AB9AA0073F05C /* NSString+MD5.m in Sources */ = {isa = PBXBuildFile; fileRef = 852065471D1AB9AA0073F05C /* NSString+MD5.m */; };
		853DD42F1D30D7EE0039273C /* NSDate+gyh.m in Sources */ = {isa = PBXBuildFile; fileRef = 853DD42E1D30D7EE0039273C /* NSDate+gyh.m */; };
		85598FFF1D3134E600CD17EA /* FileCache.m in Sources */ = {isa = PBXBuildFile; fileRef = 85598FFE1D3134E600CD17EA /* FileCache.m */; };
		8562041C1D2CD07B002156D2 /* commentList.m in Sources */ = {isa = PBXBuildFile; fileRef = 8562041B1D2CD07B002156D2 /* commentList.m */; };
		8562041F1D2CD16F002156D2 /* commentModel.m in Sources */ = {isa = PBXBuildFile; fileRef = 8562041E1D2CD16F002156D2 /* commentModel.m */; };
		856204221D2CDDC4002156D2 /* commentCell.m in Sources */ = {isa = PBXBuildFile; fileRef = 856204211D2CDDC4002156D2 /* commentCell.m */; };
		856204241D2D01A2002156D2 /* commentCell.xib in Resources */ = {isa = PBXBuildFile; fileRef = 856204231D2D01A2002156D2 /* commentCell.xib */; };
		859063F11D378952004D1BCB /* NSArray+transform.m in Sources */ = {isa = PBXBuildFile; fileRef = 859063F01D378952004D1BCB /* NSArray+transform.m */; };
		859063F41D3791E1004D1BCB /* flooredCommentModel.m in Sources */ = {isa = PBXBuildFile; fileRef = 859063F31D3791E1004D1BCB /* flooredCommentModel.m */; };
		859063F71D38CE29004D1BCB /* LayoutCommentView.m in Sources */ = {isa = PBXBuildFile; fileRef = 859063F61D38CE29004D1BCB /* LayoutCommentView.m */; };
		859063FC1D3904BF004D1BCB /* gridLayoutView.m in Sources */ = {isa = PBXBuildFile; fileRef = 859063FB1D3904BF004D1BCB /* gridLayoutView.m */; };
		859063FF1D3A87DF004D1BCB /* nestedLayoutView.m in Sources */ = {isa = PBXBuildFile; fileRef = 859063FE1D3A87DF004D1BCB /* nestedLayoutView.m */; };
		859064061D3DFB96004D1BCB /* commentPostViewController.m in Sources */ = {isa = PBXBuildFile; fileRef = 859064051D3DFB96004D1BCB /* commentPostViewController.m */; };
		8590640A1D3E04C5004D1BCB /* commentPostViewController.xib in Resources */ = {isa = PBXBuildFile; fileRef = 859064091D3E04C5004D1BCB /* commentPostViewController.xib */; };
		85960B8E1D5761D200F825DC /* HotNewsModel.m in Sources */ = {isa = PBXBuildFile; fileRef = 85960B8D1D5761D200F825DC /* HotNewsModel.m */; };
		85A4DD7D1D4B8C9100E58712 /* UMSocialLocalizable.strings in Resources */ = {isa = PBXBuildFile; fileRef = 85A4DD631D4B8C9100E58712 /* UMSocialLocalizable.strings */; };
		85A4DD7E1D4B8C9100E58712 /* libUMSocial_Sdk_5.2.1.a in Frameworks */ = {isa = PBXBuildFile; fileRef = 85A4DD711D4B8C9100E58712 /* libUMSocial_Sdk_5.2.1.a */; };
		85A4DD7F1D4B8C9100E58712 /* UMSCommentDetailController.xib in Resources */ = {isa = PBXBuildFile; fileRef = 85A4DD731D4B8C9100E58712 /* UMSCommentDetailController.xib */; };
		85A4DD801D4B8C9100E58712 /* UMSCommentInputController.xib in Resources */ = {isa = PBXBuildFile; fileRef = 85A4DD741D4B8C9100E58712 /* UMSCommentInputController.xib */; };
		85A4DD811D4B8C9100E58712 /* UMSCommentInputControlleriPad.xib in Resources */ = {isa = PBXBuildFile; fileRef = 85A4DD751D4B8C9100E58712 /* UMSCommentInputControlleriPad.xib */; };
		85A4DD821D4B8C9100E58712 /* UMShareEditViewController.xib in Resources */ = {isa = PBXBuildFile; fileRef = 85A4DD761D4B8C9100E58712 /* UMShareEditViewController.xib */; };
		85A4DD831D4B8C9100E58712 /* UMShareEditViewControlleriPad.xib in Resources */ = {isa = PBXBuildFile; fileRef = 85A4DD771D4B8C9100E58712 /* UMShareEditViewControlleriPad.xib */; };
		85A4DD841D4B8C9100E58712 /* UMSLoginViewController.xib in Resources */ = {isa = PBXBuildFile; fileRef = 85A4DD781D4B8C9100E58712 /* UMSLoginViewController.xib */; };
		85A4DD851D4B8C9100E58712 /* UMSnsAccountViewController.xib in Resources */ = {isa = PBXBuildFile; fileRef = 85A4DD791D4B8C9100E58712 /* UMSnsAccountViewController.xib */; };
		85A4DD861D4B8C9100E58712 /* UMSShareListController.xib in Resources */ = {isa = PBXBuildFile; fileRef = 85A4DD7A1D4B8C9100E58712 /* UMSShareListController.xib */; };
		85A4DD871D4B8C9100E58712 /* UMSocialSDKResourcesNew.bundle in Resources */ = {isa = PBXBuildFile; fileRef = 85A4DD7B1D4B8C9100E58712 /* UMSocialSDKResourcesNew.bundle */; };
		85A4DD961D4B8C9A00E58712 /* libSocialQQ.a in Frameworks */ = {isa = PBXBuildFile; fileRef = 85A4DD8A1D4B8C9A00E58712 /* libSocialQQ.a */; };
		85A4DD971D4B8C9A00E58712 /* TencentOpenAPI.framework in Frameworks */ = {isa = PBXBuildFile; fileRef = 85A4DD8B1D4B8C9A00E58712 /* TencentOpenAPI.framework */; };
		85A4DD981D4B8C9A00E58712 /* TencentOpenApi_IOS_Bundle.bundle in Resources */ = {isa = PBXBuildFile; fileRef = 85A4DD8C1D4B8C9A00E58712 /* TencentOpenApi_IOS_Bundle.bundle */; };
		85A4DD991D4B8C9A00E58712 /* libSocialWechat.a in Frameworks */ = {isa = PBXBuildFile; fileRef = 85A4DD8F1D4B8C9A00E58712 /* libSocialWechat.a */; };
		85A4DD9A1D4B8C9A00E58712 /* libWeChatSDK.a in Frameworks */ = {isa = PBXBuildFile; fileRef = 85A4DD901D4B8C9A00E58712 /* libWeChatSDK.a */; };
		85A4DD9B1D4B8C9A00E58712 /* README.txt in Resources */ = {isa = PBXBuildFile; fileRef = 85A4DD911D4B8C9A00E58712 /* README.txt */; };
		85A4DD9D1D4B8CFB00E58712 /* Security.framework in Frameworks */ = {isa = PBXBuildFile; fileRef = 85A4DD9C1D4B8CFB00E58712 /* Security.framework */; };
		85A4DD9F1D4B8D1300E58712 /* libiconv.tbd in Frameworks */ = {isa = PBXBuildFile; fileRef = 85A4DD9E1D4B8D1300E58712 /* libiconv.tbd */; };
		85A4DDA11D4B8D2000E58712 /* SystemConfiguration.framework in Frameworks */ = {isa = PBXBuildFile; fileRef = 85A4DDA01D4B8D2000E58712 /* SystemConfiguration.framework */; };
		85A4DDA31D4B8D3800E58712 /* CoreGraphics.framework in Frameworks */ = {isa = PBXBuildFile; fileRef = 85A4DDA21D4B8D3800E58712 /* CoreGraphics.framework */; };
		85A4DDA51D4B8D4500E58712 /* CoreTelephony.framework in Frameworks */ = {isa = PBXBuildFile; fileRef = 85A4DDA41D4B8D4500E58712 /* CoreTelephony.framework */; };
		85A4DDA71D4B8D5000E58712 /* libstdc++.tbd in Frameworks */ = {isa = PBXBuildFile; fileRef = 85A4DDA61D4B8D5000E58712 /* libstdc++.tbd */; };
		85A4DDA91D4B8D5C00E58712 /* libz.tbd in Frameworks */ = {isa = PBXBuildFile; fileRef = 85A4DDA81D4B8D5C00E58712 /* libz.tbd */; };
		85A4DDE81D4F33B600E58712 /* NavTabBar.m in Sources */ = {isa = PBXBuildFile; fileRef = 85A4DDE71D4F33B600E58712 /* NavTabBar.m */; };
		85A4DDEB1D54732400E58712 /* otherNewsViewController.m in Sources */ = {isa = PBXBuildFile; fileRef = 85A4DDEA1D54732400E58712 /* otherNewsViewController.m */; };
		85A4DDEE1D54FD0B00E58712 /* NavTabBarController.m in Sources */ = {isa = PBXBuildFile; fileRef = 85A4DDED1D54FD0B00E58712 /* NavTabBarController.m */; };
		85BA2A5C1D1BD46B001188DA /* contentViewController.m in Sources */ = {isa = PBXBuildFile; fileRef = 85BA2A5B1D1BD46B001188DA /* contentViewController.m */; };
		85EE4CDE1D2E6859003D2DB4 /* commentViewController.m in Sources */ = {isa = PBXBuildFile; fileRef = 85EE4CDD1D2E6859003D2DB4 /* commentViewController.m */; };
		85EE4CE31D2F8BE8003D2DB4 /* collectionTableViewController.m in Sources */ = {isa = PBXBuildFile; fileRef = 85EE4CE21D2F8BE8003D2DB4 /* collectionTableViewController.m */; };
		85EE4CEA1D2F9ACC003D2DB4 /* collectionModel.m in Sources */ = {isa = PBXBuildFile; fileRef = 85EE4CE91D2F9ACC003D2DB4 /* collectionModel.m */; };
		85EE4CED1D2F9AEA003D2DB4 /* collectionTableViewCell.m in Sources */ = {isa = PBXBuildFile; fileRef = 85EE4CEC1D2F9AEA003D2DB4 /* collectionTableViewCell.m */; };
		85EE4CF11D2F9D11003D2DB4 /* DataBase.m in Sources */ = {isa = PBXBuildFile; fileRef = 85EE4CF01D2F9D11003D2DB4 /* DataBase.m */; };
		85F9A8091D321739004DBB1B /* MessageUI.framework in Frameworks */ = {isa = PBXBuildFile; fileRef = 85F9A8081D321739004DBB1B /* MessageUI.framework */; };
		85F9A8101D35244A004DBB1B /* NSString+iphoneType.m in Sources */ = {isa = PBXBuildFile; fileRef = 85F9A80F1D35244A004DBB1B /* NSString+iphoneType.m */; };
		85FB7BA31D239E9C00192D5C /* SettingsViewController.m in Sources */ = {isa = PBXBuildFile; fileRef = 85FB7BA21D239E9C00192D5C /* SettingsViewController.m */; };
		85FB7BA81D28FF6100192D5C /* libsqlite3.tbd in Frameworks */ = {isa = PBXBuildFile; fileRef = 85FB7BA71D28FF6100192D5C /* libsqlite3.tbd */; };
		85FB7BFD1D29485B00192D5C /* DataModel.m in Sources */ = {isa = PBXBuildFile; fileRef = 85FB7BFC1D29485B00192D5C /* DataModel.m */; };
		85FB7C061D294A3E00192D5C /* NewsListCell.m in Sources */ = {isa = PBXBuildFile; fileRef = 85FB7C051D294A3E00192D5C /* NewsListCell.m */; };
		85FB7C0D1D29739500192D5C /* NewsContentModel.m in Sources */ = {isa = PBXBuildFile; fileRef = 85FB7C0C1D29739500192D5C /* NewsContentModel.m */; };
		85FB7C281D2A509400192D5C /* CycleNewsModel.m in Sources */ = {isa = PBXBuildFile; fileRef = 85FB7C271D2A509400192D5C /* CycleNewsModel.m */; };
		85FB7C3B1D2A83FC00192D5C /* NSData+SDDataCache.m in Sources */ = {isa = PBXBuildFile; fileRef = 85FB7C2B1D2A83FC00192D5C /* NSData+SDDataCache.m */; };
		85FB7C3C1D2A83FC00192D5C /* TAAbstractDotView.m in Sources */ = {isa = PBXBuildFile; fileRef = 85FB7C2E1D2A83FC00192D5C /* TAAbstractDotView.m */; };
		85FB7C3D1D2A83FC00192D5C /* TAAnimatedDotView.m in Sources */ = {isa = PBXBuildFile; fileRef = 85FB7C301D2A83FC00192D5C /* TAAnimatedDotView.m */; };
		85FB7C3E1D2A83FC00192D5C /* TADotView.m in Sources */ = {isa = PBXBuildFile; fileRef = 85FB7C321D2A83FC00192D5C /* TADotView.m */; };
		85FB7C3F1D2A83FC00192D5C /* TAPageControl.m in Sources */ = {isa = PBXBuildFile; fileRef = 85FB7C341D2A83FC00192D5C /* TAPageControl.m */; };
		85FB7C401D2A83FC00192D5C /* SDCollectionViewCell.m in Sources */ = {isa = PBXBuildFile; fileRef = 85FB7C361D2A83FC00192D5C /* SDCollectionViewCell.m */; };
		85FB7C411D2A83FC00192D5C /* SDCycleScrollView.m in Sources */ = {isa = PBXBuildFile; fileRef = 85FB7C381D2A83FC00192D5C /* SDCycleScrollView.m */; };
		85FB7C421D2A83FC00192D5C /* UIView+SDExtension.m in Sources */ = {isa = PBXBuildFile; fileRef = 85FB7C3A1D2A83FC00192D5C /* UIView+SDExtension.m */; };
		AF14285ED6B97BBEB659F789 /* libPods-cnBeta.a in Frameworks */ = {isa = PBXBuildFile; fileRef = 46E668121CA0CAE10B882A45 /* libPods-cnBeta.a */; };
/* End PBXBuildFile section */

/* Begin PBXContainerItemProxy section */
		8520650B1D16D7D70073F05C /* PBXContainerItemProxy */ = {
			isa = PBXContainerItemProxy;
			containerPortal = 852064E91D16D7D70073F05C /* Project object */;
			proxyType = 1;
			remoteGlobalIDString = 852064F01D16D7D70073F05C;
			remoteInfo = cnBeta;
		};
		852065161D16D7D70073F05C /* PBXContainerItemProxy */ = {
			isa = PBXContainerItemProxy;
			containerPortal = 852064E91D16D7D70073F05C /* Project object */;
			proxyType = 1;
			remoteGlobalIDString = 852064F01D16D7D70073F05C;
			remoteInfo = cnBeta;
		};
/* End PBXContainerItemProxy section */

/* Begin PBXFileReference section */
		46E668121CA0CAE10B882A45 /* libPods-cnBeta.a */ = {isa = PBXFileReference; explicitFileType = archive.ar; includeInIndex = 0; path = "libPods-cnBeta.a"; sourceTree = BUILT_PRODUCTS_DIR; };
		850013AA1D58ABC600D2CC6F /* SettingCell.h */ = {isa = PBXFileReference; fileEncoding = 4; lastKnownFileType = sourcecode.c.h; path = SettingCell.h; sourceTree = "<group>"; };
		850013AB1D58ABC600D2CC6F /* SettingCell.m */ = {isa = PBXFileReference; fileEncoding = 4; lastKnownFileType = sourcecode.c.objc; path = SettingCell.m; sourceTree = "<group>"; };
		850013AD1D58ABDE00D2CC6F /* SettingItem.h */ = {isa = PBXFileReference; fileEncoding = 4; lastKnownFileType = sourcecode.c.h; path = SettingItem.h; sourceTree = "<group>"; };
		850013AE1D58ABDE00D2CC6F /* SettingItem.m */ = {isa = PBXFileReference; fileEncoding = 4; lastKnownFileType = sourcecode.c.objc; path = SettingItem.m; sourceTree = "<group>"; };
		850013B01D58ACBF00D2CC6F /* SettingArrowItem.h */ = {isa = PBXFileReference; fileEncoding = 4; lastKnownFileType = sourcecode.c.h; path = SettingArrowItem.h; sourceTree = "<group>"; };
		850013B11D58ACBF00D2CC6F /* SettingArrowItem.m */ = {isa = PBXFileReference; fileEncoding = 4; lastKnownFileType = sourcecode.c.objc; path = SettingArrowItem.m; sourceTree = "<group>"; };
		850013B31D58ACDE00D2CC6F /* SettingSwitchItem.h */ = {isa = PBXFileReference; fileEncoding = 4; lastKnownFileType = sourcecode.c.h; path = SettingSwitchItem.h; sourceTree = "<group>"; };
		850013B41D58ACDE00D2CC6F /* SettingSwitchItem.m */ = {isa = PBXFileReference; fileEncoding = 4; lastKnownFileType = sourcecode.c.objc; path = SettingSwitchItem.m; sourceTree = "<group>"; };
		850013B61D58C7FF00D2CC6F /* SettingGroup.h */ = {isa = PBXFileReference; fileEncoding = 4; lastKnownFileType = sourcecode.c.h; path = SettingGroup.h; sourceTree = "<group>"; };
		850013B71D58C7FF00D2CC6F /* SettingGroup.m */ = {isa = PBXFileReference; fileEncoding = 4; lastKnownFileType = sourcecode.c.objc; path = SettingGroup.m; sourceTree = "<group>"; };
		850A08091D3E22C000DA0FDE /* HTTPRequester.h */ = {isa = PBXFileReference; fileEncoding = 4; lastKnownFileType = sourcecode.c.h; path = HTTPRequester.h; sourceTree = "<group>"; };
		850A080A1D3E22C000DA0FDE /* HTTPRequester.m */ = {isa = PBXFileReference; fileEncoding = 4; lastKnownFileType = sourcecode.c.objc; path = HTTPRequester.m; sourceTree = "<group>"; };
		852064F11D16D7D70073F05C /* cnBeta.app */ = {isa = PBXFileReference; explicitFileType = wrapper.application; includeInIndex = 0; path = cnBeta.app; sourceTree = BUILT_PRODUCTS_DIR; };
		852064F51D16D7D70073F05C /* main.m */ = {isa = PBXFileReference; lastKnownFileType = sourcecode.c.objc; path = main.m; sourceTree = "<group>"; };
		852064F71D16D7D70073F05C /* AppDelegate.h */ = {isa = PBXFileReference; lastKnownFileType = sourcecode.c.h; path = AppDelegate.h; sourceTree = "<group>"; };
		852064F81D16D7D70073F05C /* AppDelegate.m */ = {isa = PBXFileReference; lastKnownFileType = sourcecode.c.objc; path = AppDelegate.m; sourceTree = "<group>"; };
		852064FE1D16D7D70073F05C /* Base */ = {isa = PBXFileReference; lastKnownFileType = file.storyboard; name = Base; path = Base.lproj/Main.storyboard; sourceTree = "<group>"; };
		852065001D16D7D70073F05C /* Assets.xcassets */ = {isa = PBXFileReference; lastKnownFileType = folder.assetcatalog; path = Assets.xcassets; sourceTree = "<group>"; };
		852065031D16D7D70073F05C /* Base */ = {isa = PBXFileReference; lastKnownFileType = file.storyboard; name = Base; path = Base.lproj/LaunchScreen.storyboard; sourceTree = "<group>"; };
		8520650A1D16D7D70073F05C /* cnBetaTests.xctest */ = {isa = PBXFileReference; explicitFileType = wrapper.cfbundle; includeInIndex = 0; path = cnBetaTests.xctest; sourceTree = BUILT_PRODUCTS_DIR; };
		8520650E1D16D7D70073F05C /* cnBetaTests.m */ = {isa = PBXFileReference; lastKnownFileType = sourcecode.c.objc; path = cnBetaTests.m; sourceTree = "<group>"; };
		852065101D16D7D70073F05C /* Info.plist */ = {isa = PBXFileReference; lastKnownFileType = text.plist.xml; path = Info.plist; sourceTree = "<group>"; };
		852065151D16D7D70073F05C /* cnBetaUITests.xctest */ = {isa = PBXFileReference; explicitFileType = wrapper.cfbundle; includeInIndex = 0; path = cnBetaUITests.xctest; sourceTree = BUILT_PRODUCTS_DIR; };
		852065191D16D7D70073F05C /* cnBetaUITests.m */ = {isa = PBXFileReference; lastKnownFileType = sourcecode.c.objc; path = cnBetaUITests.m; sourceTree = "<group>"; };
		8520651B1D16D7D70073F05C /* Info.plist */ = {isa = PBXFileReference; lastKnownFileType = text.plist.xml; path = Info.plist; sourceTree = "<group>"; };
		852065271D16DB410073F05C /* NewsTableViewController.h */ = {isa = PBXFileReference; fileEncoding = 4; lastKnownFileType = sourcecode.c.h; path = NewsTableViewController.h; sourceTree = "<group>"; };
		852065281D16DB410073F05C /* NewsTableViewController.m */ = {isa = PBXFileReference; fileEncoding = 4; lastKnownFileType = sourcecode.c.objc; path = NewsTableViewController.m; sourceTree = "<group>"; };
		8520652E1D16E8E20073F05C /* sdRefeshView_arrow@2x.png */ = {isa = PBXFileReference; lastKnownFileType = image.png; path = "sdRefeshView_arrow@2x.png"; sourceTree = "<group>"; };
		8520652F1D16E8E20073F05C /* SDRefresh.h */ = {isa = PBXFileReference; fileEncoding = 4; lastKnownFileType = sourcecode.c.h; path = SDRefresh.h; sourceTree = "<group>"; };
		852065301D16E8E20073F05C /* SDRefreshFooterView.h */ = {isa = PBXFileReference; fileEncoding = 4; lastKnownFileType = sourcecode.c.h; path = SDRefreshFooterView.h; sourceTree = "<group>"; };
		852065311D16E8E20073F05C /* SDRefreshFooterView.m */ = {isa = PBXFileReference; fileEncoding = 4; lastKnownFileType = sourcecode.c.objc; path = SDRefreshFooterView.m; sourceTree = "<group>"; };
		852065321D16E8E20073F05C /* SDRefreshHeaderView.h */ = {isa = PBXFileReference; fileEncoding = 4; lastKnownFileType = sourcecode.c.h; path = SDRefreshHeaderView.h; sourceTree = "<group>"; };
		852065331D16E8E20073F05C /* SDRefreshHeaderView.m */ = {isa = PBXFileReference; fileEncoding = 4; lastKnownFileType = sourcecode.c.objc; path = SDRefreshHeaderView.m; sourceTree = "<group>"; };
		852065341D16E8E20073F05C /* SDRefreshView.h */ = {isa = PBXFileReference; fileEncoding = 4; lastKnownFileType = sourcecode.c.h; path = SDRefreshView.h; sourceTree = "<group>"; };
		852065351D16E8E20073F05C /* SDRefreshView.m */ = {isa = PBXFileReference; fileEncoding = 4; lastKnownFileType = sourcecode.c.objc; path = SDRefreshView.m; sourceTree = "<group>"; };
		852065361D16E8E20073F05C /* UIView+SDExtension.h */ = {isa = PBXFileReference; fileEncoding = 4; lastKnownFileType = sourcecode.c.h; path = "UIView+SDExtension.h"; sourceTree = "<group>"; };
		852065371D16E8E20073F05C /* UIView+SDExtension.m */ = {isa = PBXFileReference; fileEncoding = 4; lastKnownFileType = sourcecode.c.objc; path = "UIView+SDExtension.m"; sourceTree = "<group>"; };
		8520653D1D17E25A0073F05C /* UIViewController+DownloadNews.h */ = {isa = PBXFileReference; fileEncoding = 4; lastKnownFileType = sourcecode.c.h; path = "UIViewController+DownloadNews.h"; sourceTree = "<group>"; };
		8520653E1D17E25A0073F05C /* UIViewController+DownloadNews.m */ = {isa = PBXFileReference; fileEncoding = 4; lastKnownFileType = sourcecode.c.objc; path = "UIViewController+DownloadNews.m"; sourceTree = "<group>"; };
		852065401D19395A0073F05C /* contentViewController.h */ = {isa = PBXFileReference; fileEncoding = 4; lastKnownFileType = sourcecode.c.h; path = contentViewController.h; sourceTree = "<group>"; };
		852065461D1AB9AA0073F05C /* NSString+MD5.h */ = {isa = PBXFileReference; fileEncoding = 4; lastKnownFileType = sourcecode.c.h; path = "NSString+MD5.h"; sourceTree = "<group>"; };
		852065471D1AB9AA0073F05C /* NSString+MD5.m */ = {isa = PBXFileReference; fileEncoding = 4; lastKnownFileType = sourcecode.c.objc; path = "NSString+MD5.m"; sourceTree = "<group>"; };
		853DD42D1D30D7EE0039273C /* NSDate+gyh.h */ = {isa = PBXFileReference; fileEncoding = 4; lastKnownFileType = sourcecode.c.h; path = "NSDate+gyh.h"; sourceTree = "<group>"; };
		853DD42E1D30D7EE0039273C /* NSDate+gyh.m */ = {isa = PBXFileReference; fileEncoding = 4; lastKnownFileType = sourcecode.c.objc; path = "NSDate+gyh.m"; sourceTree = "<group>"; };
		85598FFD1D3134E600CD17EA /* FileCache.h */ = {isa = PBXFileReference; fileEncoding = 4; lastKnownFileType = sourcecode.c.h; path = FileCache.h; sourceTree = "<group>"; };
		85598FFE1D3134E600CD17EA /* FileCache.m */ = {isa = PBXFileReference; fileEncoding = 4; lastKnownFileType = sourcecode.c.objc; path = FileCache.m; sourceTree = "<group>"; };
		8562041A1D2CD07B002156D2 /* commentList.h */ = {isa = PBXFileReference; fileEncoding = 4; lastKnownFileType = sourcecode.c.h; path = commentList.h; sourceTree = "<group>"; };
		8562041B1D2CD07B002156D2 /* commentList.m */ = {isa = PBXFileReference; fileEncoding = 4; lastKnownFileType = sourcecode.c.objc; path = commentList.m; sourceTree = "<group>"; };
		8562041D1D2CD16F002156D2 /* commentModel.h */ = {isa = PBXFileReference; fileEncoding = 4; lastKnownFileType = sourcecode.c.h; path = commentModel.h; sourceTree = "<group>"; };
		8562041E1D2CD16F002156D2 /* commentModel.m */ = {isa = PBXFileReference; fileEncoding = 4; lastKnownFileType = sourcecode.c.objc; path = commentModel.m; sourceTree = "<group>"; };
		856204201D2CDDC4002156D2 /* commentCell.h */ = {isa = PBXFileReference; fileEncoding = 4; lastKnownFileType = sourcecode.c.h; path = commentCell.h; sourceTree = "<group>"; };
		856204211D2CDDC4002156D2 /* commentCell.m */ = {isa = PBXFileReference; fileEncoding = 4; lastKnownFileType = sourcecode.c.objc; path = commentCell.m; sourceTree = "<group>"; };
		856204231D2D01A2002156D2 /* commentCell.xib */ = {isa = PBXFileReference; fileEncoding = 4; lastKnownFileType = file.xib; path = commentCell.xib; sourceTree = "<group>"; };
		859063EF1D378952004D1BCB /* NSArray+transform.h */ = {isa = PBXFileReference; fileEncoding = 4; lastKnownFileType = sourcecode.c.h; path = "NSArray+transform.h"; sourceTree = "<group>"; };
		859063F01D378952004D1BCB /* NSArray+transform.m */ = {isa = PBXFileReference; fileEncoding = 4; lastKnownFileType = sourcecode.c.objc; path = "NSArray+transform.m"; sourceTree = "<group>"; };
		859063F21D3791E1004D1BCB /* flooredCommentModel.h */ = {isa = PBXFileReference; fileEncoding = 4; lastKnownFileType = sourcecode.c.h; path = flooredCommentModel.h; sourceTree = "<group>"; };
		859063F31D3791E1004D1BCB /* flooredCommentModel.m */ = {isa = PBXFileReference; fileEncoding = 4; lastKnownFileType = sourcecode.c.objc; path = flooredCommentModel.m; sourceTree = "<group>"; };
		859063F51D38CE29004D1BCB /* LayoutCommentView.h */ = {isa = PBXFileReference; fileEncoding = 4; lastKnownFileType = sourcecode.c.h; path = LayoutCommentView.h; sourceTree = "<group>"; };
		859063F61D38CE29004D1BCB /* LayoutCommentView.m */ = {isa = PBXFileReference; fileEncoding = 4; lastKnownFileType = sourcecode.c.objc; path = LayoutCommentView.m; sourceTree = "<group>"; };
		859063F91D38E49A004D1BCB /* Constant.h */ = {isa = PBXFileReference; lastKnownFileType = sourcecode.c.h; path = Constant.h; sourceTree = "<group>"; };
		859063FA1D3904BF004D1BCB /* gridLayoutView.h */ = {isa = PBXFileReference; fileEncoding = 4; lastKnownFileType = sourcecode.c.h; path = gridLayoutView.h; sourceTree = "<group>"; };
		859063FB1D3904BF004D1BCB /* gridLayoutView.m */ = {isa = PBXFileReference; fileEncoding = 4; lastKnownFileType = sourcecode.c.objc; path = gridLayoutView.m; sourceTree = "<group>"; };
		859063FD1D3A87DF004D1BCB /* nestedLayoutView.h */ = {isa = PBXFileReference; fileEncoding = 4; lastKnownFileType = sourcecode.c.h; path = nestedLayoutView.h; sourceTree = "<group>"; };
		859063FE1D3A87DF004D1BCB /* nestedLayoutView.m */ = {isa = PBXFileReference; fileEncoding = 4; lastKnownFileType = sourcecode.c.objc; path = nestedLayoutView.m; sourceTree = "<group>"; };
		859064041D3DFB95004D1BCB /* commentPostViewController.h */ = {isa = PBXFileReference; fileEncoding = 4; lastKnownFileType = sourcecode.c.h; path = commentPostViewController.h; sourceTree = "<group>"; };
		859064051D3DFB96004D1BCB /* commentPostViewController.m */ = {isa = PBXFileReference; fileEncoding = 4; lastKnownFileType = sourcecode.c.objc; path = commentPostViewController.m; sourceTree = "<group>"; };
		859064091D3E04C5004D1BCB /* commentPostViewController.xib */ = {isa = PBXFileReference; fileEncoding = 4; lastKnownFileType = file.xib; path = commentPostViewController.xib; sourceTree = "<group>"; };
		85960B8C1D5761D200F825DC /* HotNewsModel.h */ = {isa = PBXFileReference; fileEncoding = 4; lastKnownFileType = sourcecode.c.h; path = HotNewsModel.h; sourceTree = "<group>"; };
		85960B8D1D5761D200F825DC /* HotNewsModel.m */ = {isa = PBXFileReference; fileEncoding = 4; lastKnownFileType = sourcecode.c.objc; path = HotNewsModel.m; sourceTree = "<group>"; };
		85A4DD641D4B8C9100E58712 /* en */ = {isa = PBXFileReference; lastKnownFileType = text.plist.strings; name = en; path = en.lproj/UMSocialLocalizable.strings; sourceTree = "<group>"; };
		85A4DD661D4B8C9100E58712 /* UMSocial.h */ = {isa = PBXFileReference; fileEncoding = 4; lastKnownFileType = sourcecode.c.h; path = UMSocial.h; sourceTree = "<group>"; };
		85A4DD671D4B8C9100E58712 /* UMSocialAccountManager.h */ = {isa = PBXFileReference; fileEncoding = 4; lastKnownFileType = sourcecode.c.h; path = UMSocialAccountManager.h; sourceTree = "<group>"; };
		85A4DD681D4B8C9100E58712 /* UMSocialBar.h */ = {isa = PBXFileReference; fileEncoding = 4; lastKnownFileType = sourcecode.c.h; path = UMSocialBar.h; sourceTree = "<group>"; };
		85A4DD691D4B8C9100E58712 /* UMSocialConfig.h */ = {isa = PBXFileReference; fileEncoding = 4; lastKnownFileType = sourcecode.c.h; path = UMSocialConfig.h; sourceTree = "<group>"; };
		85A4DD6A1D4B8C9100E58712 /* UMSocialControllerService.h */ = {isa = PBXFileReference; fileEncoding = 4; lastKnownFileType = sourcecode.c.h; path = UMSocialControllerService.h; sourceTree = "<group>"; };
		85A4DD6B1D4B8C9100E58712 /* UMSocialControllerServiceComment.h */ = {isa = PBXFileReference; fileEncoding = 4; lastKnownFileType = sourcecode.c.h; path = UMSocialControllerServiceComment.h; sourceTree = "<group>"; };
		85A4DD6C1D4B8C9100E58712 /* UMSocialData.h */ = {isa = PBXFileReference; fileEncoding = 4; lastKnownFileType = sourcecode.c.h; path = UMSocialData.h; sourceTree = "<group>"; };
		85A4DD6D1D4B8C9100E58712 /* UMSocialDataService.h */ = {isa = PBXFileReference; fileEncoding = 4; lastKnownFileType = sourcecode.c.h; path = UMSocialDataService.h; sourceTree = "<group>"; };
		85A4DD6E1D4B8C9100E58712 /* UMSocialSnsData.h */ = {isa = PBXFileReference; fileEncoding = 4; lastKnownFileType = sourcecode.c.h; path = UMSocialSnsData.h; sourceTree = "<group>"; };
		85A4DD6F1D4B8C9100E58712 /* UMSocialSnsPlatformManager.h */ = {isa = PBXFileReference; fileEncoding = 4; lastKnownFileType = sourcecode.c.h; path = UMSocialSnsPlatformManager.h; sourceTree = "<group>"; };
		85A4DD701D4B8C9100E58712 /* UMSocialSnsService.h */ = {isa = PBXFileReference; fileEncoding = 4; lastKnownFileType = sourcecode.c.h; path = UMSocialSnsService.h; sourceTree = "<group>"; };
		85A4DD711D4B8C9100E58712 /* libUMSocial_Sdk_5.2.1.a */ = {isa = PBXFileReference; lastKnownFileType = archive.ar; path = libUMSocial_Sdk_5.2.1.a; sourceTree = "<group>"; };
		85A4DD731D4B8C9100E58712 /* UMSCommentDetailController.xib */ = {isa = PBXFileReference; fileEncoding = 4; lastKnownFileType = file.xib; path = UMSCommentDetailController.xib; sourceTree = "<group>"; };
		85A4DD741D4B8C9100E58712 /* UMSCommentInputController.xib */ = {isa = PBXFileReference; fileEncoding = 4; lastKnownFileType = file.xib; path = UMSCommentInputController.xib; sourceTree = "<group>"; };
		85A4DD751D4B8C9100E58712 /* UMSCommentInputControlleriPad.xib */ = {isa = PBXFileReference; fileEncoding = 4; lastKnownFileType = file.xib; path = UMSCommentInputControlleriPad.xib; sourceTree = "<group>"; };
		85A4DD761D4B8C9100E58712 /* UMShareEditViewController.xib */ = {isa = PBXFileReference; fileEncoding = 4; lastKnownFileType = file.xib; path = UMShareEditViewController.xib; sourceTree = "<group>"; };
		85A4DD771D4B8C9100E58712 /* UMShareEditViewControlleriPad.xib */ = {isa = PBXFileReference; fileEncoding = 4; lastKnownFileType = file.xib; path = UMShareEditViewControlleriPad.xib; sourceTree = "<group>"; };
		85A4DD781D4B8C9100E58712 /* UMSLoginViewController.xib */ = {isa = PBXFileReference; fileEncoding = 4; lastKnownFileType = file.xib; path = UMSLoginViewController.xib; sourceTree = "<group>"; };
		85A4DD791D4B8C9100E58712 /* UMSnsAccountViewController.xib */ = {isa = PBXFileReference; fileEncoding = 4; lastKnownFileType = file.xib; path = UMSnsAccountViewController.xib; sourceTree = "<group>"; };
		85A4DD7A1D4B8C9100E58712 /* UMSShareListController.xib */ = {isa = PBXFileReference; fileEncoding = 4; lastKnownFileType = file.xib; path = UMSShareListController.xib; sourceTree = "<group>"; };
		85A4DD7B1D4B8C9100E58712 /* UMSocialSDKResourcesNew.bundle */ = {isa = PBXFileReference; lastKnownFileType = "wrapper.plug-in"; path = UMSocialSDKResourcesNew.bundle; sourceTree = "<group>"; };
		85A4DD7C1D4B8C9100E58712 /* zh-Hans */ = {isa = PBXFileReference; lastKnownFileType = text.plist.strings; name = "zh-Hans"; path = "zh-Hans.lproj/UMSocialLocalizable.strings"; sourceTree = "<group>"; };
		85A4DD8A1D4B8C9A00E58712 /* libSocialQQ.a */ = {isa = PBXFileReference; lastKnownFileType = archive.ar; path = libSocialQQ.a; sourceTree = "<group>"; };
		85A4DD8B1D4B8C9A00E58712 /* TencentOpenAPI.framework */ = {isa = PBXFileReference; lastKnownFileType = wrapper.framework; path = TencentOpenAPI.framework; sourceTree = "<group>"; };
		85A4DD8C1D4B8C9A00E58712 /* TencentOpenApi_IOS_Bundle.bundle */ = {isa = PBXFileReference; lastKnownFileType = "wrapper.plug-in"; path = TencentOpenApi_IOS_Bundle.bundle; sourceTree = "<group>"; };
		85A4DD8D1D4B8C9A00E58712 /* UMSocialQQHandler.h */ = {isa = PBXFileReference; fileEncoding = 4; lastKnownFileType = sourcecode.c.h; path = UMSocialQQHandler.h; sourceTree = "<group>"; };
		85A4DD8F1D4B8C9A00E58712 /* libSocialWechat.a */ = {isa = PBXFileReference; lastKnownFileType = archive.ar; path = libSocialWechat.a; sourceTree = "<group>"; };
		85A4DD901D4B8C9A00E58712 /* libWeChatSDK.a */ = {isa = PBXFileReference; lastKnownFileType = archive.ar; path = libWeChatSDK.a; sourceTree = "<group>"; };
		85A4DD911D4B8C9A00E58712 /* README.txt */ = {isa = PBXFileReference; fileEncoding = 4; lastKnownFileType = text; path = README.txt; sourceTree = "<group>"; };
		85A4DD921D4B8C9A00E58712 /* UMSocialWechatHandler.h */ = {isa = PBXFileReference; fileEncoding = 4; lastKnownFileType = sourcecode.c.h; path = UMSocialWechatHandler.h; sourceTree = "<group>"; };
		85A4DD931D4B8C9A00E58712 /* WechatAuthSDK.h */ = {isa = PBXFileReference; fileEncoding = 4; lastKnownFileType = sourcecode.c.h; path = WechatAuthSDK.h; sourceTree = "<group>"; };
		85A4DD941D4B8C9A00E58712 /* WXApi.h */ = {isa = PBXFileReference; fileEncoding = 4; lastKnownFileType = sourcecode.c.h; path = WXApi.h; sourceTree = "<group>"; };
		85A4DD951D4B8C9A00E58712 /* WXApiObject.h */ = {isa = PBXFileReference; fileEncoding = 4; lastKnownFileType = sourcecode.c.h; path = WXApiObject.h; sourceTree = "<group>"; };
		85A4DD9C1D4B8CFB00E58712 /* Security.framework */ = {isa = PBXFileReference; lastKnownFileType = wrapper.framework; name = Security.framework; path = System/Library/Frameworks/Security.framework; sourceTree = SDKROOT; };
		85A4DD9E1D4B8D1300E58712 /* libiconv.tbd */ = {isa = PBXFileReference; lastKnownFileType = "sourcecode.text-based-dylib-definition"; name = libiconv.tbd; path = usr/lib/libiconv.tbd; sourceTree = SDKROOT; };
		85A4DDA01D4B8D2000E58712 /* SystemConfiguration.framework */ = {isa = PBXFileReference; lastKnownFileType = wrapper.framework; name = SystemConfiguration.framework; path = System/Library/Frameworks/SystemConfiguration.framework; sourceTree = SDKROOT; };
		85A4DDA21D4B8D3800E58712 /* CoreGraphics.framework */ = {isa = PBXFileReference; lastKnownFileType = wrapper.framework; name = CoreGraphics.framework; path = System/Library/Frameworks/CoreGraphics.framework; sourceTree = SDKROOT; };
		85A4DDA41D4B8D4500E58712 /* CoreTelephony.framework */ = {isa = PBXFileReference; lastKnownFileType = wrapper.framework; name = CoreTelephony.framework; path = System/Library/Frameworks/CoreTelephony.framework; sourceTree = SDKROOT; };
		85A4DDA61D4B8D5000E58712 /* libstdc++.tbd */ = {isa = PBXFileReference; lastKnownFileType = "sourcecode.text-based-dylib-definition"; name = "libstdc++.tbd"; path = "usr/lib/libstdc++.tbd"; sourceTree = SDKROOT; };
		85A4DDA81D4B8D5C00E58712 /* libz.tbd */ = {isa = PBXFileReference; lastKnownFileType = "sourcecode.text-based-dylib-definition"; name = libz.tbd; path = usr/lib/libz.tbd; sourceTree = SDKROOT; };
		85A4DDE61D4F33B600E58712 /* NavTabBar.h */ = {isa = PBXFileReference; fileEncoding = 4; lastKnownFileType = sourcecode.c.h; path = NavTabBar.h; sourceTree = "<group>"; };
		85A4DDE71D4F33B600E58712 /* NavTabBar.m */ = {isa = PBXFileReference; fileEncoding = 4; lastKnownFileType = sourcecode.c.objc; path = NavTabBar.m; sourceTree = "<group>"; };
		85A4DDE91D54732400E58712 /* otherNewsViewController.h */ = {isa = PBXFileReference; fileEncoding = 4; lastKnownFileType = sourcecode.c.h; path = otherNewsViewController.h; sourceTree = "<group>"; };
		85A4DDEA1D54732400E58712 /* otherNewsViewController.m */ = {isa = PBXFileReference; fileEncoding = 4; lastKnownFileType = sourcecode.c.objc; path = otherNewsViewController.m; sourceTree = "<group>"; };
		85A4DDEC1D54FD0B00E58712 /* NavTabBarController.h */ = {isa = PBXFileReference; fileEncoding = 4; lastKnownFileType = sourcecode.c.h; path = NavTabBarController.h; sourceTree = "<group>"; };
		85A4DDED1D54FD0B00E58712 /* NavTabBarController.m */ = {isa = PBXFileReference; fileEncoding = 4; lastKnownFileType = sourcecode.c.objc; path = NavTabBarController.m; sourceTree = "<group>"; };
		85BA2A5B1D1BD46B001188DA /* contentViewController.m */ = {isa = PBXFileReference; fileEncoding = 4; lastKnownFileType = sourcecode.c.objc; path = contentViewController.m; sourceTree = "<group>"; };
		85EE4CDC1D2E6859003D2DB4 /* commentViewController.h */ = {isa = PBXFileReference; fileEncoding = 4; lastKnownFileType = sourcecode.c.h; path = commentViewController.h; sourceTree = "<group>"; };
		85EE4CDD1D2E6859003D2DB4 /* commentViewController.m */ = {isa = PBXFileReference; fileEncoding = 4; lastKnownFileType = sourcecode.c.objc; path = commentViewController.m; sourceTree = "<group>"; };
		85EE4CDF1D2E69D1003D2DB4 /* Info.plist */ = {isa = PBXFileReference; fileEncoding = 4; lastKnownFileType = text.plist.xml; path = Info.plist; sourceTree = "<group>"; };
		85EE4CE11D2F8BE8003D2DB4 /* collectionTableViewController.h */ = {isa = PBXFileReference; fileEncoding = 4; lastKnownFileType = sourcecode.c.h; path = collectionTableViewController.h; sourceTree = "<group>"; };
		85EE4CE21D2F8BE8003D2DB4 /* collectionTableViewController.m */ = {isa = PBXFileReference; fileEncoding = 4; lastKnownFileType = sourcecode.c.objc; path = collectionTableViewController.m; sourceTree = "<group>"; };
		85EE4CE81D2F9ACC003D2DB4 /* collectionModel.h */ = {isa = PBXFileReference; fileEncoding = 4; lastKnownFileType = sourcecode.c.h; path = collectionModel.h; sourceTree = "<group>"; };
		85EE4CE91D2F9ACC003D2DB4 /* collectionModel.m */ = {isa = PBXFileReference; fileEncoding = 4; lastKnownFileType = sourcecode.c.objc; path = collectionModel.m; sourceTree = "<group>"; };
		85EE4CEB1D2F9AEA003D2DB4 /* collectionTableViewCell.h */ = {isa = PBXFileReference; fileEncoding = 4; lastKnownFileType = sourcecode.c.h; path = collectionTableViewCell.h; sourceTree = "<group>"; };
		85EE4CEC1D2F9AEA003D2DB4 /* collectionTableViewCell.m */ = {isa = PBXFileReference; fileEncoding = 4; lastKnownFileType = sourcecode.c.objc; path = collectionTableViewCell.m; sourceTree = "<group>"; };
		85EE4CEF1D2F9D11003D2DB4 /* DataBase.h */ = {isa = PBXFileReference; fileEncoding = 4; lastKnownFileType = sourcecode.c.h; path = DataBase.h; sourceTree = "<group>"; };
		85EE4CF01D2F9D11003D2DB4 /* DataBase.m */ = {isa = PBXFileReference; fileEncoding = 4; lastKnownFileType = sourcecode.c.objc; path = DataBase.m; sourceTree = "<group>"; };
		85F9A8081D321739004DBB1B /* MessageUI.framework */ = {isa = PBXFileReference; lastKnownFileType = wrapper.framework; name = MessageUI.framework; path = System/Library/Frameworks/MessageUI.framework; sourceTree = SDKROOT; };
		85F9A80E1D35244A004DBB1B /* NSString+iphoneType.h */ = {isa = PBXFileReference; fileEncoding = 4; lastKnownFileType = sourcecode.c.h; path = "NSString+iphoneType.h"; sourceTree = "<group>"; };
		85F9A80F1D35244A004DBB1B /* NSString+iphoneType.m */ = {isa = PBXFileReference; fileEncoding = 4; lastKnownFileType = sourcecode.c.objc; path = "NSString+iphoneType.m"; sourceTree = "<group>"; };
		85FB7BA11D239E9C00192D5C /* SettingsViewController.h */ = {isa = PBXFileReference; fileEncoding = 4; lastKnownFileType = sourcecode.c.h; path = SettingsViewController.h; sourceTree = "<group>"; };
		85FB7BA21D239E9C00192D5C /* SettingsViewController.m */ = {isa = PBXFileReference; fileEncoding = 4; lastKnownFileType = sourcecode.c.objc; path = SettingsViewController.m; sourceTree = "<group>"; };
		85FB7BA71D28FF6100192D5C /* libsqlite3.tbd */ = {isa = PBXFileReference; lastKnownFileType = "sourcecode.text-based-dylib-definition"; name = libsqlite3.tbd; path = usr/lib/libsqlite3.tbd; sourceTree = SDKROOT; };
		85FB7BFB1D29485B00192D5C /* DataModel.h */ = {isa = PBXFileReference; fileEncoding = 4; lastKnownFileType = sourcecode.c.h; path = DataModel.h; sourceTree = "<group>"; };
		85FB7BFC1D29485B00192D5C /* DataModel.m */ = {isa = PBXFileReference; fileEncoding = 4; lastKnownFileType = sourcecode.c.objc; path = DataModel.m; sourceTree = "<group>"; };
		85FB7C041D294A3E00192D5C /* NewsListCell.h */ = {isa = PBXFileReference; fileEncoding = 4; lastKnownFileType = sourcecode.c.h; path = NewsListCell.h; sourceTree = "<group>"; };
		85FB7C051D294A3E00192D5C /* NewsListCell.m */ = {isa = PBXFileReference; fileEncoding = 4; lastKnownFileType = sourcecode.c.objc; path = NewsListCell.m; sourceTree = "<group>"; };
		85FB7C0B1D29739500192D5C /* NewsContentModel.h */ = {isa = PBXFileReference; fileEncoding = 4; lastKnownFileType = sourcecode.c.h; path = NewsContentModel.h; sourceTree = "<group>"; };
		85FB7C0C1D29739500192D5C /* NewsContentModel.m */ = {isa = PBXFileReference; fileEncoding = 4; lastKnownFileType = sourcecode.c.objc; path = NewsContentModel.m; sourceTree = "<group>"; };
		85FB7C261D2A509400192D5C /* CycleNewsModel.h */ = {isa = PBXFileReference; fileEncoding = 4; lastKnownFileType = sourcecode.c.h; path = CycleNewsModel.h; sourceTree = "<group>"; };
		85FB7C271D2A509400192D5C /* CycleNewsModel.m */ = {isa = PBXFileReference; fileEncoding = 4; lastKnownFileType = sourcecode.c.objc; path = CycleNewsModel.m; sourceTree = "<group>"; };
		85FB7C2A1D2A83FC00192D5C /* NSData+SDDataCache.h */ = {isa = PBXFileReference; fileEncoding = 4; lastKnownFileType = sourcecode.c.h; path = "NSData+SDDataCache.h"; sourceTree = "<group>"; };
		85FB7C2B1D2A83FC00192D5C /* NSData+SDDataCache.m */ = {isa = PBXFileReference; fileEncoding = 4; lastKnownFileType = sourcecode.c.objc; path = "NSData+SDDataCache.m"; sourceTree = "<group>"; };
		85FB7C2D1D2A83FC00192D5C /* TAAbstractDotView.h */ = {isa = PBXFileReference; fileEncoding = 4; lastKnownFileType = sourcecode.c.h; path = TAAbstractDotView.h; sourceTree = "<group>"; };
		85FB7C2E1D2A83FC00192D5C /* TAAbstractDotView.m */ = {isa = PBXFileReference; fileEncoding = 4; lastKnownFileType = sourcecode.c.objc; path = TAAbstractDotView.m; sourceTree = "<group>"; };
		85FB7C2F1D2A83FC00192D5C /* TAAnimatedDotView.h */ = {isa = PBXFileReference; fileEncoding = 4; lastKnownFileType = sourcecode.c.h; path = TAAnimatedDotView.h; sourceTree = "<group>"; };
		85FB7C301D2A83FC00192D5C /* TAAnimatedDotView.m */ = {isa = PBXFileReference; fileEncoding = 4; lastKnownFileType = sourcecode.c.objc; path = TAAnimatedDotView.m; sourceTree = "<group>"; };
		85FB7C311D2A83FC00192D5C /* TADotView.h */ = {isa = PBXFileReference; fileEncoding = 4; lastKnownFileType = sourcecode.c.h; path = TADotView.h; sourceTree = "<group>"; };
		85FB7C321D2A83FC00192D5C /* TADotView.m */ = {isa = PBXFileReference; fileEncoding = 4; lastKnownFileType = sourcecode.c.objc; path = TADotView.m; sourceTree = "<group>"; };
		85FB7C331D2A83FC00192D5C /* TAPageControl.h */ = {isa = PBXFileReference; fileEncoding = 4; lastKnownFileType = sourcecode.c.h; path = TAPageControl.h; sourceTree = "<group>"; };
		85FB7C341D2A83FC00192D5C /* TAPageControl.m */ = {isa = PBXFileReference; fileEncoding = 4; lastKnownFileType = sourcecode.c.objc; path = TAPageControl.m; sourceTree = "<group>"; };
		85FB7C351D2A83FC00192D5C /* SDCollectionViewCell.h */ = {isa = PBXFileReference; fileEncoding = 4; lastKnownFileType = sourcecode.c.h; path = SDCollectionViewCell.h; sourceTree = "<group>"; };
		85FB7C361D2A83FC00192D5C /* SDCollectionViewCell.m */ = {isa = PBXFileReference; fileEncoding = 4; lastKnownFileType = sourcecode.c.objc; path = SDCollectionViewCell.m; sourceTree = "<group>"; };
		85FB7C371D2A83FC00192D5C /* SDCycleScrollView.h */ = {isa = PBXFileReference; fileEncoding = 4; lastKnownFileType = sourcecode.c.h; path = SDCycleScrollView.h; sourceTree = "<group>"; };
		85FB7C381D2A83FC00192D5C /* SDCycleScrollView.m */ = {isa = PBXFileReference; fileEncoding = 4; lastKnownFileType = sourcecode.c.objc; path = SDCycleScrollView.m; sourceTree = "<group>"; };
		85FB7C391D2A83FC00192D5C /* UIView+SDExtension.h */ = {isa = PBXFileReference; fileEncoding = 4; lastKnownFileType = sourcecode.c.h; path = "UIView+SDExtension.h"; sourceTree = "<group>"; };
		85FB7C3A1D2A83FC00192D5C /* UIView+SDExtension.m */ = {isa = PBXFileReference; fileEncoding = 4; lastKnownFileType = sourcecode.c.objc; path = "UIView+SDExtension.m"; sourceTree = "<group>"; };
		CB29285838B642011E7FAFCA /* Pods-cnBeta.debug.xcconfig */ = {isa = PBXFileReference; includeInIndex = 1; lastKnownFileType = text.xcconfig; name = "Pods-cnBeta.debug.xcconfig"; path = "Pods/Target Support Files/Pods-cnBeta/Pods-cnBeta.debug.xcconfig"; sourceTree = "<group>"; };
		F66FAEC80438859544640472 /* Pods-cnBeta.release.xcconfig */ = {isa = PBXFileReference; includeInIndex = 1; lastKnownFileType = text.xcconfig; name = "Pods-cnBeta.release.xcconfig"; path = "Pods/Target Support Files/Pods-cnBeta/Pods-cnBeta.release.xcconfig"; sourceTree = "<group>"; };
/* End PBXFileReference section */

/* Begin PBXFrameworksBuildPhase section */
		852064EE1D16D7D70073F05C /* Frameworks */ = {
			isa = PBXFrameworksBuildPhase;
			buildActionMask = 2147483647;
			files = (
				85A4DDA91D4B8D5C00E58712 /* libz.tbd in Frameworks */,
				85A4DDA71D4B8D5000E58712 /* libstdc++.tbd in Frameworks */,
				85A4DDA51D4B8D4500E58712 /* CoreTelephony.framework in Frameworks */,
				85A4DDA31D4B8D3800E58712 /* CoreGraphics.framework in Frameworks */,
				85A4DDA11D4B8D2000E58712 /* SystemConfiguration.framework in Frameworks */,
				85A4DD9F1D4B8D1300E58712 /* libiconv.tbd in Frameworks */,
				85A4DD9D1D4B8CFB00E58712 /* Security.framework in Frameworks */,
				85A4DD961D4B8C9A00E58712 /* libSocialQQ.a in Frameworks */,
				85A4DD971D4B8C9A00E58712 /* TencentOpenAPI.framework in Frameworks */,
				85A4DD9A1D4B8C9A00E58712 /* libWeChatSDK.a in Frameworks */,
				85F9A8091D321739004DBB1B /* MessageUI.framework in Frameworks */,
				85FB7BA81D28FF6100192D5C /* libsqlite3.tbd in Frameworks */,
				85A4DD7E1D4B8C9100E58712 /* libUMSocial_Sdk_5.2.1.a in Frameworks */,
				AF14285ED6B97BBEB659F789 /* libPods-cnBeta.a in Frameworks */,
				85A4DD991D4B8C9A00E58712 /* libSocialWechat.a in Frameworks */,
			);
			runOnlyForDeploymentPostprocessing = 0;
		};
		852065071D16D7D70073F05C /* Frameworks */ = {
			isa = PBXFrameworksBuildPhase;
			buildActionMask = 2147483647;
			files = (
			);
			runOnlyForDeploymentPostprocessing = 0;
		};
		852065121D16D7D70073F05C /* Frameworks */ = {
			isa = PBXFrameworksBuildPhase;
			buildActionMask = 2147483647;
			files = (
			);
			runOnlyForDeploymentPostprocessing = 0;
		};
/* End PBXFrameworksBuildPhase section */

/* Begin PBXGroup section */
		81537A075E87B7DDD7EB5497 /* Frameworks */ = {
			isa = PBXGroup;
			children = (
				85A4DDA81D4B8D5C00E58712 /* libz.tbd */,
				85A4DDA61D4B8D5000E58712 /* libstdc++.tbd */,
				85A4DDA41D4B8D4500E58712 /* CoreTelephony.framework */,
				85A4DDA21D4B8D3800E58712 /* CoreGraphics.framework */,
				85A4DDA01D4B8D2000E58712 /* SystemConfiguration.framework */,
				85A4DD9E1D4B8D1300E58712 /* libiconv.tbd */,
				85A4DD9C1D4B8CFB00E58712 /* Security.framework */,
				85F9A8081D321739004DBB1B /* MessageUI.framework */,
				85FB7BA71D28FF6100192D5C /* libsqlite3.tbd */,
				46E668121CA0CAE10B882A45 /* libPods-cnBeta.a */,
			);
			name = Frameworks;
			sourceTree = "<group>";
		};
		850013A31D58A92E00D2CC6F /* Setting */ = {
			isa = PBXGroup;
			children = (
				850013A61D58A96B00D2CC6F /* Model */,
				850013A51D58A96100D2CC6F /* View */,
				850013A41D58A94C00D2CC6F /* Controller */,
			);
			name = Setting;
			sourceTree = "<group>";
		};
		850013A41D58A94C00D2CC6F /* Controller */ = {
			isa = PBXGroup;
			children = (
				85FB7BA11D239E9C00192D5C /* SettingsViewController.h */,
				85FB7BA21D239E9C00192D5C /* SettingsViewController.m */,
			);
			name = Controller;
			sourceTree = "<group>";
		};
		850013A51D58A96100D2CC6F /* View */ = {
			isa = PBXGroup;
			children = (
				850013AA1D58ABC600D2CC6F /* SettingCell.h */,
				850013AB1D58ABC600D2CC6F /* SettingCell.m */,
			);
			name = View;
			sourceTree = "<group>";
		};
		850013A61D58A96B00D2CC6F /* Model */ = {
			isa = PBXGroup;
			children = (
				850013AD1D58ABDE00D2CC6F /* SettingItem.h */,
				850013AE1D58ABDE00D2CC6F /* SettingItem.m */,
				850013B01D58ACBF00D2CC6F /* SettingArrowItem.h */,
				850013B11D58ACBF00D2CC6F /* SettingArrowItem.m */,
				850013B31D58ACDE00D2CC6F /* SettingSwitchItem.h */,
				850013B41D58ACDE00D2CC6F /* SettingSwitchItem.m */,
				850013B61D58C7FF00D2CC6F /* SettingGroup.h */,
				850013B71D58C7FF00D2CC6F /* SettingGroup.m */,
			);
			name = Model;
			sourceTree = "<group>";
		};
		852064E81D16D7D70073F05C = {
			isa = PBXGroup;
			children = (
				852064F31D16D7D70073F05C /* cnBeta */,
				8520650D1D16D7D70073F05C /* cnBetaTests */,
				852065181D16D7D70073F05C /* cnBetaUITests */,
				852064F21D16D7D70073F05C /* Products */,
				F76291ADCD9C9C228E70CA76 /* Pods */,
				81537A075E87B7DDD7EB5497 /* Frameworks */,
			);
			sourceTree = "<group>";
		};
		852064F21D16D7D70073F05C /* Products */ = {
			isa = PBXGroup;
			children = (
				852064F11D16D7D70073F05C /* cnBeta.app */,
				8520650A1D16D7D70073F05C /* cnBetaTests.xctest */,
				852065151D16D7D70073F05C /* cnBetaUITests.xctest */,
			);
			name = Products;
			sourceTree = "<group>";
		};
		852064F31D16D7D70073F05C /* cnBeta */ = {
			isa = PBXGroup;
			children = (
				85977ADF1D40B08A00D5CD6F /* Home */,
				85977AE21D40B10E00D5CD6F /* Content */,
				859063EB1D378023004D1BCB /* Comment */,
				85FB7BF11D29410000192D5C /* Categary */,
				85EE4CE41D2F9A48003D2DB4 /* Collection */,
				850013A31D58A92E00D2CC6F /* Setting */,
				85FB7C091D29725B00192D5C /* Cache */,
				8520652D1D16E8E20073F05C /* Lib */,
				852064F41D16D7D70073F05C /* Supporting Files */,
			);
			path = cnBeta;
			sourceTree = "<group>";
		};
		852064F41D16D7D70073F05C /* Supporting Files */ = {
			isa = PBXGroup;
			children = (
				85EE4CDF1D2E69D1003D2DB4 /* Info.plist */,
				852064FD1D16D7D70073F05C /* Main.storyboard */,
				859063F91D38E49A004D1BCB /* Constant.h */,
				852064F71D16D7D70073F05C /* AppDelegate.h */,
				852064F81D16D7D70073F05C /* AppDelegate.m */,
				852064F51D16D7D70073F05C /* main.m */,
				852065001D16D7D70073F05C /* Assets.xcassets */,
				852065021D16D7D70073F05C /* LaunchScreen.storyboard */,
			);
			name = "Supporting Files";
			sourceTree = "<group>";
		};
		8520650D1D16D7D70073F05C /* cnBetaTests */ = {
			isa = PBXGroup;
			children = (
				8520650E1D16D7D70073F05C /* cnBetaTests.m */,
				852065101D16D7D70073F05C /* Info.plist */,
			);
			path = cnBetaTests;
			sourceTree = "<group>";
		};
		852065181D16D7D70073F05C /* cnBetaUITests */ = {
			isa = PBXGroup;
			children = (
				852065191D16D7D70073F05C /* cnBetaUITests.m */,
				8520651B1D16D7D70073F05C /* Info.plist */,
			);
			path = cnBetaUITests;
			sourceTree = "<group>";
		};
		8520652D1D16E8E20073F05C /* Lib */ = {
			isa = PBXGroup;
			children = (
				85A4DD881D4B8C9A00E58712 /* UMSocial_Sdk_Extra_Frameworks */,
				85A4DD621D4B8C9100E58712 /* UMSocial_Sdk_5.2.1 */,
				85FB7C291D2A83FC00192D5C /* SDCycleScrollView */,
				85FB7C0E1D2A4AD800192D5C /* SDRefresh */,
			);
			path = Lib;
			sourceTree = "<group>";
		};
		859063EB1D378023004D1BCB /* Comment */ = {
			isa = PBXGroup;
			children = (
				859064001D3CD7BA004D1BCB /* Categary */,
				859063EE1D3780DA004D1BCB /* Model */,
				859063ED1D3780CA004D1BCB /* View */,
				859063EC1D3780BD004D1BCB /* Controller */,
				85977ADE1D3F6E5D00D5CD6F /* HTTPRequest */,
			);
			name = Comment;
			sourceTree = "<group>";
		};
		859063EC1D3780BD004D1BCB /* Controller */ = {
			isa = PBXGroup;
			children = (
				85EE4CDC1D2E6859003D2DB4 /* commentViewController.h */,
				85EE4CDD1D2E6859003D2DB4 /* commentViewController.m */,
				859064041D3DFB95004D1BCB /* commentPostViewController.h */,
				859064051D3DFB96004D1BCB /* commentPostViewController.m */,
				859064091D3E04C5004D1BCB /* commentPostViewController.xib */,
			);
			name = Controller;
			sourceTree = "<group>";
		};
		859063ED1D3780CA004D1BCB /* View */ = {
			isa = PBXGroup;
			children = (
				856204201D2CDDC4002156D2 /* commentCell.h */,
				856204211D2CDDC4002156D2 /* commentCell.m */,
				856204231D2D01A2002156D2 /* commentCell.xib */,
				859063FA1D3904BF004D1BCB /* gridLayoutView.h */,
				859063FB1D3904BF004D1BCB /* gridLayoutView.m */,
				859063FD1D3A87DF004D1BCB /* nestedLayoutView.h */,
				859063FE1D3A87DF004D1BCB /* nestedLayoutView.m */,
				859063F51D38CE29004D1BCB /* LayoutCommentView.h */,
				859063F61D38CE29004D1BCB /* LayoutCommentView.m */,
			);
			name = View;
			sourceTree = "<group>";
		};
		859063EE1D3780DA004D1BCB /* Model */ = {
			isa = PBXGroup;
			children = (
				8562041A1D2CD07B002156D2 /* commentList.h */,
				8562041B1D2CD07B002156D2 /* commentList.m */,
				8562041D1D2CD16F002156D2 /* commentModel.h */,
				8562041E1D2CD16F002156D2 /* commentModel.m */,
				859063F21D3791E1004D1BCB /* flooredCommentModel.h */,
				859063F31D3791E1004D1BCB /* flooredCommentModel.m */,
			);
			name = Model;
			sourceTree = "<group>";
		};
		859064001D3CD7BA004D1BCB /* Categary */ = {
			isa = PBXGroup;
			children = (
				859063EF1D378952004D1BCB /* NSArray+transform.h */,
				859063F01D378952004D1BCB /* NSArray+transform.m */,
			);
			name = Categary;
			sourceTree = "<group>";
		};
		85977ADE1D3F6E5D00D5CD6F /* HTTPRequest */ = {
			isa = PBXGroup;
			children = (
				850A08091D3E22C000DA0FDE /* HTTPRequester.h */,
				850A080A1D3E22C000DA0FDE /* HTTPRequester.m */,
			);
			name = HTTPRequest;
			sourceTree = "<group>";
		};
		85977ADF1D40B08A00D5CD6F /* Home */ = {
			isa = PBXGroup;
			children = (
				85A4DDE41D4F317700E58712 /* NavTabBar */,
				85977AE11D40B0ED00D5CD6F /* Controller */,
				85FB7C081D29722A00192D5C /* View */,
				85977AE01D40B0B100D5CD6F /* Model */,
			);
			name = Home;
			sourceTree = "<group>";
		};
		85977AE01D40B0B100D5CD6F /* Model */ = {
			isa = PBXGroup;
			children = (
				85FB7C261D2A509400192D5C /* CycleNewsModel.h */,
				85FB7C271D2A509400192D5C /* CycleNewsModel.m */,
				85FB7BFB1D29485B00192D5C /* DataModel.h */,
				85FB7BFC1D29485B00192D5C /* DataModel.m */,
				85960B8C1D5761D200F825DC /* HotNewsModel.h */,
				85960B8D1D5761D200F825DC /* HotNewsModel.m */,
			);
			name = Model;
			sourceTree = "<group>";
		};
		85977AE11D40B0ED00D5CD6F /* Controller */ = {
			isa = PBXGroup;
			children = (
				852065271D16DB410073F05C /* NewsTableViewController.h */,
				852065281D16DB410073F05C /* NewsTableViewController.m */,
				85A4DDE91D54732400E58712 /* otherNewsViewController.h */,
				85A4DDEA1D54732400E58712 /* otherNewsViewController.m */,
				85A4DDEC1D54FD0B00E58712 /* NavTabBarController.h */,
				85A4DDED1D54FD0B00E58712 /* NavTabBarController.m */,
			);
			name = Controller;
			sourceTree = "<group>";
		};
		85977AE21D40B10E00D5CD6F /* Content */ = {
			isa = PBXGroup;
			children = (
				85FB7C071D29720800192D5C /* Model */,
				85FB7C0A1D2972B700192D5C /* Controller */,
			);
			name = Content;
			sourceTree = "<group>";
		};
		85A4DD621D4B8C9100E58712 /* UMSocial_Sdk_5.2.1 */ = {
			isa = PBXGroup;
			children = (
				85A4DD631D4B8C9100E58712 /* UMSocialLocalizable.strings */,
				85A4DD651D4B8C9100E58712 /* Header */,
				85A4DD711D4B8C9100E58712 /* libUMSocial_Sdk_5.2.1.a */,
				85A4DD721D4B8C9100E58712 /* SocialSDKXib */,
				85A4DD7B1D4B8C9100E58712 /* UMSocialSDKResourcesNew.bundle */,
			);
			path = UMSocial_Sdk_5.2.1;
			sourceTree = "<group>";
		};
		85A4DD651D4B8C9100E58712 /* Header */ = {
			isa = PBXGroup;
			children = (
				85A4DD661D4B8C9100E58712 /* UMSocial.h */,
				85A4DD671D4B8C9100E58712 /* UMSocialAccountManager.h */,
				85A4DD681D4B8C9100E58712 /* UMSocialBar.h */,
				85A4DD691D4B8C9100E58712 /* UMSocialConfig.h */,
				85A4DD6A1D4B8C9100E58712 /* UMSocialControllerService.h */,
				85A4DD6B1D4B8C9100E58712 /* UMSocialControllerServiceComment.h */,
				85A4DD6C1D4B8C9100E58712 /* UMSocialData.h */,
				85A4DD6D1D4B8C9100E58712 /* UMSocialDataService.h */,
				85A4DD6E1D4B8C9100E58712 /* UMSocialSnsData.h */,
				85A4DD6F1D4B8C9100E58712 /* UMSocialSnsPlatformManager.h */,
				85A4DD701D4B8C9100E58712 /* UMSocialSnsService.h */,
			);
			path = Header;
			sourceTree = "<group>";
		};
		85A4DD721D4B8C9100E58712 /* SocialSDKXib */ = {
			isa = PBXGroup;
			children = (
				85A4DD731D4B8C9100E58712 /* UMSCommentDetailController.xib */,
				85A4DD741D4B8C9100E58712 /* UMSCommentInputController.xib */,
				85A4DD751D4B8C9100E58712 /* UMSCommentInputControlleriPad.xib */,
				85A4DD761D4B8C9100E58712 /* UMShareEditViewController.xib */,
				85A4DD771D4B8C9100E58712 /* UMShareEditViewControlleriPad.xib */,
				85A4DD781D4B8C9100E58712 /* UMSLoginViewController.xib */,
				85A4DD791D4B8C9100E58712 /* UMSnsAccountViewController.xib */,
				85A4DD7A1D4B8C9100E58712 /* UMSShareListController.xib */,
			);
			path = SocialSDKXib;
			sourceTree = "<group>";
		};
		85A4DD881D4B8C9A00E58712 /* UMSocial_Sdk_Extra_Frameworks */ = {
			isa = PBXGroup;
			children = (
				85A4DD891D4B8C9A00E58712 /* TencentOpenAPI */,
				85A4DD8E1D4B8C9A00E58712 /* Wechat */,
			);
			path = UMSocial_Sdk_Extra_Frameworks;
			sourceTree = "<group>";
		};
		85A4DD891D4B8C9A00E58712 /* TencentOpenAPI */ = {
			isa = PBXGroup;
			children = (
				85A4DD8A1D4B8C9A00E58712 /* libSocialQQ.a */,
				85A4DD8B1D4B8C9A00E58712 /* TencentOpenAPI.framework */,
				85A4DD8C1D4B8C9A00E58712 /* TencentOpenApi_IOS_Bundle.bundle */,
				85A4DD8D1D4B8C9A00E58712 /* UMSocialQQHandler.h */,
			);
			path = TencentOpenAPI;
			sourceTree = "<group>";
		};
		85A4DD8E1D4B8C9A00E58712 /* Wechat */ = {
			isa = PBXGroup;
			children = (
				85A4DD8F1D4B8C9A00E58712 /* libSocialWechat.a */,
				85A4DD901D4B8C9A00E58712 /* libWeChatSDK.a */,
				85A4DD911D4B8C9A00E58712 /* README.txt */,
				85A4DD921D4B8C9A00E58712 /* UMSocialWechatHandler.h */,
				85A4DD931D4B8C9A00E58712 /* WechatAuthSDK.h */,
				85A4DD941D4B8C9A00E58712 /* WXApi.h */,
				85A4DD951D4B8C9A00E58712 /* WXApiObject.h */,
			);
			path = Wechat;
			sourceTree = "<group>";
		};
		85A4DDE41D4F317700E58712 /* NavTabBar */ = {
			isa = PBXGroup;
			children = (
				85A4DDE51D4F31A600E58712 /* View */,
			);
			name = NavTabBar;
			sourceTree = "<group>";
		};
		85A4DDE51D4F31A600E58712 /* View */ = {
			isa = PBXGroup;
			children = (
				85A4DDE61D4F33B600E58712 /* NavTabBar.h */,
				85A4DDE71D4F33B600E58712 /* NavTabBar.m */,
			);
			name = View;
			sourceTree = "<group>";
		};
		85EE4CE41D2F9A48003D2DB4 /* Collection */ = {
			isa = PBXGroup;
			children = (
				85EE4CEE1D2F9CE1003D2DB4 /* DataBase */,
				85EE4CE71D2F9AA6003D2DB4 /* View */,
				85EE4CE61D2F9A74003D2DB4 /* Model */,
				85EE4CE51D2F9A62003D2DB4 /* Controller */,
			);
			name = Collection;
			sourceTree = "<group>";
		};
		85EE4CE51D2F9A62003D2DB4 /* Controller */ = {
			isa = PBXGroup;
			children = (
				85EE4CE11D2F8BE8003D2DB4 /* collectionTableViewController.h */,
				85EE4CE21D2F8BE8003D2DB4 /* collectionTableViewController.m */,
			);
			name = Controller;
			sourceTree = "<group>";
		};
		85EE4CE61D2F9A74003D2DB4 /* Model */ = {
			isa = PBXGroup;
			children = (
				85EE4CE81D2F9ACC003D2DB4 /* collectionModel.h */,
				85EE4CE91D2F9ACC003D2DB4 /* collectionModel.m */,
			);
			name = Model;
			sourceTree = "<group>";
		};
		85EE4CE71D2F9AA6003D2DB4 /* View */ = {
			isa = PBXGroup;
			children = (
				85EE4CEB1D2F9AEA003D2DB4 /* collectionTableViewCell.h */,
				85EE4CEC1D2F9AEA003D2DB4 /* collectionTableViewCell.m */,
			);
			name = View;
			sourceTree = "<group>";
		};
		85EE4CEE1D2F9CE1003D2DB4 /* DataBase */ = {
			isa = PBXGroup;
			children = (
				85EE4CEF1D2F9D11003D2DB4 /* DataBase.h */,
				85EE4CF01D2F9D11003D2DB4 /* DataBase.m */,
			);
			name = DataBase;
			sourceTree = "<group>";
		};
		85FB7BF11D29410000192D5C /* Categary */ = {
			isa = PBXGroup;
			children = (
				8520653D1D17E25A0073F05C /* UIViewController+DownloadNews.h */,
				8520653E1D17E25A0073F05C /* UIViewController+DownloadNews.m */,
				852065461D1AB9AA0073F05C /* NSString+MD5.h */,
				852065471D1AB9AA0073F05C /* NSString+MD5.m */,
				85F9A80E1D35244A004DBB1B /* NSString+iphoneType.h */,
				85F9A80F1D35244A004DBB1B /* NSString+iphoneType.m */,
				853DD42D1D30D7EE0039273C /* NSDate+gyh.h */,
				853DD42E1D30D7EE0039273C /* NSDate+gyh.m */,
			);
			name = Categary;
			sourceTree = "<group>";
		};
		85FB7C071D29720800192D5C /* Model */ = {
			isa = PBXGroup;
			children = (
				85FB7C0B1D29739500192D5C /* NewsContentModel.h */,
				85FB7C0C1D29739500192D5C /* NewsContentModel.m */,
			);
			name = Model;
			sourceTree = "<group>";
		};
		85FB7C081D29722A00192D5C /* View */ = {
			isa = PBXGroup;
			children = (
				85FB7C041D294A3E00192D5C /* NewsListCell.h */,
				85FB7C051D294A3E00192D5C /* NewsListCell.m */,
			);
			name = View;
			sourceTree = "<group>";
		};
		85FB7C091D29725B00192D5C /* Cache */ = {
			isa = PBXGroup;
			children = (
				85598FFD1D3134E600CD17EA /* FileCache.h */,
				85598FFE1D3134E600CD17EA /* FileCache.m */,
			);
			name = Cache;
			sourceTree = "<group>";
		};
		85FB7C0A1D2972B700192D5C /* Controller */ = {
			isa = PBXGroup;
			children = (
				852065401D19395A0073F05C /* contentViewController.h */,
				85BA2A5B1D1BD46B001188DA /* contentViewController.m */,
			);
			name = Controller;
			sourceTree = "<group>";
		};
		85FB7C0E1D2A4AD800192D5C /* SDRefresh */ = {
			isa = PBXGroup;
			children = (
				8520652E1D16E8E20073F05C /* sdRefeshView_arrow@2x.png */,
				8520652F1D16E8E20073F05C /* SDRefresh.h */,
				852065301D16E8E20073F05C /* SDRefreshFooterView.h */,
				852065311D16E8E20073F05C /* SDRefreshFooterView.m */,
				852065321D16E8E20073F05C /* SDRefreshHeaderView.h */,
				852065331D16E8E20073F05C /* SDRefreshHeaderView.m */,
				852065341D16E8E20073F05C /* SDRefreshView.h */,
				852065351D16E8E20073F05C /* SDRefreshView.m */,
				852065361D16E8E20073F05C /* UIView+SDExtension.h */,
				852065371D16E8E20073F05C /* UIView+SDExtension.m */,
			);
			name = SDRefresh;
			sourceTree = "<group>";
		};
		85FB7C291D2A83FC00192D5C /* SDCycleScrollView */ = {
			isa = PBXGroup;
			children = (
				85FB7C2A1D2A83FC00192D5C /* NSData+SDDataCache.h */,
				85FB7C2B1D2A83FC00192D5C /* NSData+SDDataCache.m */,
				85FB7C2C1D2A83FC00192D5C /* PageControl */,
				85FB7C351D2A83FC00192D5C /* SDCollectionViewCell.h */,
				85FB7C361D2A83FC00192D5C /* SDCollectionViewCell.m */,
				85FB7C371D2A83FC00192D5C /* SDCycleScrollView.h */,
				85FB7C381D2A83FC00192D5C /* SDCycleScrollView.m */,
				85FB7C391D2A83FC00192D5C /* UIView+SDExtension.h */,
				85FB7C3A1D2A83FC00192D5C /* UIView+SDExtension.m */,
			);
			path = SDCycleScrollView;
			sourceTree = "<group>";
		};
		85FB7C2C1D2A83FC00192D5C /* PageControl */ = {
			isa = PBXGroup;
			children = (
				85FB7C2D1D2A83FC00192D5C /* TAAbstractDotView.h */,
				85FB7C2E1D2A83FC00192D5C /* TAAbstractDotView.m */,
				85FB7C2F1D2A83FC00192D5C /* TAAnimatedDotView.h */,
				85FB7C301D2A83FC00192D5C /* TAAnimatedDotView.m */,
				85FB7C311D2A83FC00192D5C /* TADotView.h */,
				85FB7C321D2A83FC00192D5C /* TADotView.m */,
				85FB7C331D2A83FC00192D5C /* TAPageControl.h */,
				85FB7C341D2A83FC00192D5C /* TAPageControl.m */,
			);
			path = PageControl;
			sourceTree = "<group>";
		};
		F76291ADCD9C9C228E70CA76 /* Pods */ = {
			isa = PBXGroup;
			children = (
				CB29285838B642011E7FAFCA /* Pods-cnBeta.debug.xcconfig */,
				F66FAEC80438859544640472 /* Pods-cnBeta.release.xcconfig */,
			);
			name = Pods;
			sourceTree = "<group>";
		};
/* End PBXGroup section */

/* Begin PBXNativeTarget section */
		852064F01D16D7D70073F05C /* cnBeta */ = {
			isa = PBXNativeTarget;
			buildConfigurationList = 8520651E1D16D7D70073F05C /* Build configuration list for PBXNativeTarget "cnBeta" */;
			buildPhases = (
				F7C2C7F176D2C064BD791EB3 /* 📦 Check Pods Manifest.lock */,
				852064ED1D16D7D70073F05C /* Sources */,
				852064EE1D16D7D70073F05C /* Frameworks */,
				852064EF1D16D7D70073F05C /* Resources */,
				9C18B6ADE415E50C84C4BBA2 /* 📦 Embed Pods Frameworks */,
				7C1A88E9BB13156A8C94187B /* 📦 Copy Pods Resources */,
			);
			buildRules = (
			);
			dependencies = (
			);
			name = cnBeta;
			productName = cnBeta;
			productReference = 852064F11D16D7D70073F05C /* cnBeta.app */;
			productType = "com.apple.product-type.application";
		};
		852065091D16D7D70073F05C /* cnBetaTests */ = {
			isa = PBXNativeTarget;
			buildConfigurationList = 852065211D16D7D70073F05C /* Build configuration list for PBXNativeTarget "cnBetaTests" */;
			buildPhases = (
				852065061D16D7D70073F05C /* Sources */,
				852065071D16D7D70073F05C /* Frameworks */,
				852065081D16D7D70073F05C /* Resources */,
			);
			buildRules = (
			);
			dependencies = (
				8520650C1D16D7D70073F05C /* PBXTargetDependency */,
			);
			name = cnBetaTests;
			productName = cnBetaTests;
			productReference = 8520650A1D16D7D70073F05C /* cnBetaTests.xctest */;
			productType = "com.apple.product-type.bundle.unit-test";
		};
		852065141D16D7D70073F05C /* cnBetaUITests */ = {
			isa = PBXNativeTarget;
			buildConfigurationList = 852065241D16D7D70073F05C /* Build configuration list for PBXNativeTarget "cnBetaUITests" */;
			buildPhases = (
				852065111D16D7D70073F05C /* Sources */,
				852065121D16D7D70073F05C /* Frameworks */,
				852065131D16D7D70073F05C /* Resources */,
			);
			buildRules = (
			);
			dependencies = (
				852065171D16D7D70073F05C /* PBXTargetDependency */,
			);
			name = cnBetaUITests;
			productName = cnBetaUITests;
			productReference = 852065151D16D7D70073F05C /* cnBetaUITests.xctest */;
			productType = "com.apple.product-type.bundle.ui-testing";
		};
/* End PBXNativeTarget section */

/* Begin PBXProject section */
		852064E91D16D7D70073F05C /* Project object */ = {
			isa = PBXProject;
			attributes = {
				LastUpgradeCheck = 0730;
				ORGANIZATIONNAME = hudy;
				TargetAttributes = {
					852064F01D16D7D70073F05C = {
						CreatedOnToolsVersion = 7.3.1;
						DevelopmentTeam = 7P9SA59BN9;
					};
					852065091D16D7D70073F05C = {
						CreatedOnToolsVersion = 7.3.1;
						TestTargetID = 852064F01D16D7D70073F05C;
					};
					852065141D16D7D70073F05C = {
						CreatedOnToolsVersion = 7.3.1;
						TestTargetID = 852064F01D16D7D70073F05C;
					};
				};
			};
			buildConfigurationList = 852064EC1D16D7D70073F05C /* Build configuration list for PBXProject "cnBeta" */;
			compatibilityVersion = "Xcode 3.2";
			developmentRegion = English;
			hasScannedForEncodings = 0;
			knownRegions = (
				en,
				Base,
				"zh-Hans",
			);
			mainGroup = 852064E81D16D7D70073F05C;
			productRefGroup = 852064F21D16D7D70073F05C /* Products */;
			projectDirPath = "";
			projectRoot = "";
			targets = (
				852064F01D16D7D70073F05C /* cnBeta */,
				852065091D16D7D70073F05C /* cnBetaTests */,
				852065141D16D7D70073F05C /* cnBetaUITests */,
			);
		};
/* End PBXProject section */

/* Begin PBXResourcesBuildPhase section */
		852064EF1D16D7D70073F05C /* Resources */ = {
			isa = PBXResourcesBuildPhase;
			buildActionMask = 2147483647;
			files = (
				85A4DD981D4B8C9A00E58712 /* TencentOpenApi_IOS_Bundle.bundle in Resources */,
				8590640A1D3E04C5004D1BCB /* commentPostViewController.xib in Resources */,
				852065041D16D7D70073F05C /* LaunchScreen.storyboard in Resources */,
				85A4DD831D4B8C9100E58712 /* UMShareEditViewControlleriPad.xib in Resources */,
				852065011D16D7D70073F05C /* Assets.xcassets in Resources */,
				852064FF1D16D7D70073F05C /* Main.storyboard in Resources */,
				85A4DD861D4B8C9100E58712 /* UMSShareListController.xib in Resources */,
				85A4DD841D4B8C9100E58712 /* UMSLoginViewController.xib in Resources */,
				856204241D2D01A2002156D2 /* commentCell.xib in Resources */,
				852065381D16E8E20073F05C /* sdRefeshView_arrow@2x.png in Resources */,
				85A4DD9B1D4B8C9A00E58712 /* README.txt in Resources */,
				85A4DD801D4B8C9100E58712 /* UMSCommentInputController.xib in Resources */,
				85A4DD871D4B8C9100E58712 /* UMSocialSDKResourcesNew.bundle in Resources */,
				85A4DD7F1D4B8C9100E58712 /* UMSCommentDetailController.xib in Resources */,
				85A4DD821D4B8C9100E58712 /* UMShareEditViewController.xib in Resources */,
				85A4DD811D4B8C9100E58712 /* UMSCommentInputControlleriPad.xib in Resources */,
				85A4DD7D1D4B8C9100E58712 /* UMSocialLocalizable.strings in Resources */,
				85A4DD851D4B8C9100E58712 /* UMSnsAccountViewController.xib in Resources */,
			);
			runOnlyForDeploymentPostprocessing = 0;
		};
		852065081D16D7D70073F05C /* Resources */ = {
			isa = PBXResourcesBuildPhase;
			buildActionMask = 2147483647;
			files = (
			);
			runOnlyForDeploymentPostprocessing = 0;
		};
		852065131D16D7D70073F05C /* Resources */ = {
			isa = PBXResourcesBuildPhase;
			buildActionMask = 2147483647;
			files = (
			);
			runOnlyForDeploymentPostprocessing = 0;
		};
/* End PBXResourcesBuildPhase section */

/* Begin PBXShellScriptBuildPhase section */
		7C1A88E9BB13156A8C94187B /* 📦 Copy Pods Resources */ = {
			isa = PBXShellScriptBuildPhase;
			buildActionMask = 2147483647;
			files = (
			);
			inputPaths = (
			);
			name = "📦 Copy Pods Resources";
			outputPaths = (
			);
			runOnlyForDeploymentPostprocessing = 0;
			shellPath = /bin/sh;
			shellScript = "\"${SRCROOT}/Pods/Target Support Files/Pods-cnBeta/Pods-cnBeta-resources.sh\"\n";
			showEnvVarsInLog = 0;
		};
		9C18B6ADE415E50C84C4BBA2 /* 📦 Embed Pods Frameworks */ = {
			isa = PBXShellScriptBuildPhase;
			buildActionMask = 2147483647;
			files = (
			);
			inputPaths = (
			);
			name = "📦 Embed Pods Frameworks";
			outputPaths = (
			);
			runOnlyForDeploymentPostprocessing = 0;
			shellPath = /bin/sh;
			shellScript = "\"${SRCROOT}/Pods/Target Support Files/Pods-cnBeta/Pods-cnBeta-frameworks.sh\"\n";
			showEnvVarsInLog = 0;
		};
		F7C2C7F176D2C064BD791EB3 /* 📦 Check Pods Manifest.lock */ = {
			isa = PBXShellScriptBuildPhase;
			buildActionMask = 2147483647;
			files = (
			);
			inputPaths = (
			);
			name = "📦 Check Pods Manifest.lock";
			outputPaths = (
			);
			runOnlyForDeploymentPostprocessing = 0;
			shellPath = /bin/sh;
			shellScript = "diff \"${PODS_ROOT}/../Podfile.lock\" \"${PODS_ROOT}/Manifest.lock\" > /dev/null\nif [[ $? != 0 ]] ; then\n    cat << EOM\nerror: The sandbox is not in sync with the Podfile.lock. Run 'pod install' or update your CocoaPods installation.\nEOM\n    exit 1\nfi\n";
			showEnvVarsInLog = 0;
		};
/* End PBXShellScriptBuildPhase section */

/* Begin PBXSourcesBuildPhase section */
		852064ED1D16D7D70073F05C /* Sources */ = {
			isa = PBXSourcesBuildPhase;
			buildActionMask = 2147483647;
			files = (
				8520653A1D16E8E20073F05C /* SDRefreshHeaderView.m in Sources */,
				85FB7C3D1D2A83FC00192D5C /* TAAnimatedDotView.m in Sources */,
				859063F71D38CE29004D1BCB /* LayoutCommentView.m in Sources */,
				85F9A8101D35244A004DBB1B /* NSString+iphoneType.m in Sources */,
				8562041F1D2CD16F002156D2 /* commentModel.m in Sources */,
				85EE4CE31D2F8BE8003D2DB4 /* collectionTableViewController.m in Sources */,
				852065291D16DB410073F05C /* NewsTableViewController.m in Sources */,
				8520653B1D16E8E20073F05C /* SDRefreshView.m in Sources */,
				85BA2A5C1D1BD46B001188DA /* contentViewController.m in Sources */,
				852065481D1AB9AA0073F05C /* NSString+MD5.m in Sources */,
				859063FC1D3904BF004D1BCB /* gridLayoutView.m in Sources */,
				853DD42F1D30D7EE0039273C /* NSDate+gyh.m in Sources */,
				85FB7C421D2A83FC00192D5C /* UIView+SDExtension.m in Sources */,
				859063F41D3791E1004D1BCB /* flooredCommentModel.m in Sources */,
				85FB7C281D2A509400192D5C /* CycleNewsModel.m in Sources */,
				852064F91D16D7D70073F05C /* AppDelegate.m in Sources */,
				85EE4CED1D2F9AEA003D2DB4 /* collectionTableViewCell.m in Sources */,
				85FB7C3E1D2A83FC00192D5C /* TADotView.m in Sources */,
				852064F61D16D7D70073F05C /* main.m in Sources */,
				85FB7C401D2A83FC00192D5C /* SDCollectionViewCell.m in Sources */,
				859063FF1D3A87DF004D1BCB /* nestedLayoutView.m in Sources */,
				850013B21D58ACBF00D2CC6F /* SettingArrowItem.m in Sources */,
				85A4DDEB1D54732400E58712 /* otherNewsViewController.m in Sources */,
				850013AC1D58ABC600D2CC6F /* SettingCell.m in Sources */,
				852065391D16E8E20073F05C /* SDRefreshFooterView.m in Sources */,
				856204221D2CDDC4002156D2 /* commentCell.m in Sources */,
				85EE4CEA1D2F9ACC003D2DB4 /* collectionModel.m in Sources */,
				8520653F1D17E25A0073F05C /* UIViewController+DownloadNews.m in Sources */,
				850A080B1D3E22C000DA0FDE /* HTTPRequester.m in Sources */,
				850013AF1D58ABDE00D2CC6F /* SettingItem.m in Sources */,
				85FB7C0D1D29739500192D5C /* NewsContentModel.m in Sources */,
				859063F11D378952004D1BCB /* NSArray+transform.m in Sources */,
				85FB7C3F1D2A83FC00192D5C /* TAPageControl.m in Sources */,
				85FB7BFD1D29485B00192D5C /* DataModel.m in Sources */,
				850013B81D58C80000D2CC6F /* SettingGroup.m in Sources */,
				85FB7C3C1D2A83FC00192D5C /* TAAbstractDotView.m in Sources */,
				859064061D3DFB96004D1BCB /* commentPostViewController.m in Sources */,
				8562041C1D2CD07B002156D2 /* commentList.m in Sources */,
				85FB7C411D2A83FC00192D5C /* SDCycleScrollView.m in Sources */,
				85EE4CF11D2F9D11003D2DB4 /* DataBase.m in Sources */,
				85FB7C3B1D2A83FC00192D5C /* NSData+SDDataCache.m in Sources */,
				85A4DDEE1D54FD0B00E58712 /* NavTabBarController.m in Sources */,
				85EE4CDE1D2E6859003D2DB4 /* commentViewController.m in Sources */,
				85598FFF1D3134E600CD17EA /* FileCache.m in Sources */,
				8520653C1D16E8E20073F05C /* UIView+SDExtension.m in Sources */,
				85A4DDE81D4F33B600E58712 /* NavTabBar.m in Sources */,
				85FB7C061D294A3E00192D5C /* NewsListCell.m in Sources */,
				85960B8E1D5761D200F825DC /* HotNewsModel.m in Sources */,
				85FB7BA31D239E9C00192D5C /* SettingsViewController.m in Sources */,
				850013B51D58ACDE00D2CC6F /* SettingSwitchItem.m in Sources */,
			);
			runOnlyForDeploymentPostprocessing = 0;
		};
		852065061D16D7D70073F05C /* Sources */ = {
			isa = PBXSourcesBuildPhase;
			buildActionMask = 2147483647;
			files = (
				8520650F1D16D7D70073F05C /* cnBetaTests.m in Sources */,
			);
			runOnlyForDeploymentPostprocessing = 0;
		};
		852065111D16D7D70073F05C /* Sources */ = {
			isa = PBXSourcesBuildPhase;
			buildActionMask = 2147483647;
			files = (
				8520651A1D16D7D70073F05C /* cnBetaUITests.m in Sources */,
			);
			runOnlyForDeploymentPostprocessing = 0;
		};
/* End PBXSourcesBuildPhase section */

/* Begin PBXTargetDependency section */
		8520650C1D16D7D70073F05C /* PBXTargetDependency */ = {
			isa = PBXTargetDependency;
			target = 852064F01D16D7D70073F05C /* cnBeta */;
			targetProxy = 8520650B1D16D7D70073F05C /* PBXContainerItemProxy */;
		};
		852065171D16D7D70073F05C /* PBXTargetDependency */ = {
			isa = PBXTargetDependency;
			target = 852064F01D16D7D70073F05C /* cnBeta */;
			targetProxy = 852065161D16D7D70073F05C /* PBXContainerItemProxy */;
		};
/* End PBXTargetDependency section */

/* Begin PBXVariantGroup section */
		852064FD1D16D7D70073F05C /* Main.storyboard */ = {
			isa = PBXVariantGroup;
			children = (
				852064FE1D16D7D70073F05C /* Base */,
			);
			name = Main.storyboard;
			sourceTree = "<group>";
		};
		852065021D16D7D70073F05C /* LaunchScreen.storyboard */ = {
			isa = PBXVariantGroup;
			children = (
				852065031D16D7D70073F05C /* Base */,
			);
			name = LaunchScreen.storyboard;
			sourceTree = "<group>";
		};
		85A4DD631D4B8C9100E58712 /* UMSocialLocalizable.strings */ = {
			isa = PBXVariantGroup;
			children = (
				85A4DD641D4B8C9100E58712 /* en */,
				85A4DD7C1D4B8C9100E58712 /* zh-Hans */,
			);
			name = UMSocialLocalizable.strings;
			sourceTree = "<group>";
		};
/* End PBXVariantGroup section */

/* Begin XCBuildConfiguration section */
		8520651C1D16D7D70073F05C /* Debug */ = {
			isa = XCBuildConfiguration;
			buildSettings = {
				ALWAYS_SEARCH_USER_PATHS = NO;
				CLANG_ANALYZER_NONNULL = YES;
				CLANG_CXX_LANGUAGE_STANDARD = "gnu++0x";
				CLANG_CXX_LIBRARY = "libc++";
				CLANG_ENABLE_MODULES = YES;
				CLANG_ENABLE_OBJC_ARC = YES;
				CLANG_WARN_BOOL_CONVERSION = YES;
				CLANG_WARN_CONSTANT_CONVERSION = YES;
				CLANG_WARN_DIRECT_OBJC_ISA_USAGE = YES_ERROR;
				CLANG_WARN_EMPTY_BODY = YES;
				CLANG_WARN_ENUM_CONVERSION = YES;
				CLANG_WARN_INT_CONVERSION = YES;
				CLANG_WARN_OBJC_ROOT_CLASS = YES_ERROR;
				CLANG_WARN_UNREACHABLE_CODE = YES;
				CLANG_WARN__DUPLICATE_METHOD_MATCH = YES;
				CODE_SIGN_IDENTITY = "iPhone Distribution: DingYu Hu (7P9SA59BN9)";
				"CODE_SIGN_IDENTITY[sdk=iphoneos*]" = "iPhone Distribution: DingYu Hu (7P9SA59BN9)";
				COPY_PHASE_STRIP = NO;
				DEBUG_INFORMATION_FORMAT = dwarf;
				ENABLE_STRICT_OBJC_MSGSEND = YES;
				ENABLE_TESTABILITY = YES;
				GCC_C_LANGUAGE_STANDARD = gnu99;
				GCC_DYNAMIC_NO_PIC = NO;
				GCC_NO_COMMON_BLOCKS = YES;
				GCC_OPTIMIZATION_LEVEL = 0;
				GCC_PREPROCESSOR_DEFINITIONS = (
					"DEBUG=1",
					"$(inherited)",
				);
				GCC_WARN_64_TO_32_BIT_CONVERSION = YES;
				GCC_WARN_ABOUT_RETURN_TYPE = YES_ERROR;
				GCC_WARN_UNDECLARED_SELECTOR = YES;
				GCC_WARN_UNINITIALIZED_AUTOS = YES_AGGRESSIVE;
				GCC_WARN_UNUSED_FUNCTION = YES;
				GCC_WARN_UNUSED_VARIABLE = YES;
				IPHONEOS_DEPLOYMENT_TARGET = 9.3;
				MTL_ENABLE_DEBUG_INFO = YES;
				ONLY_ACTIVE_ARCH = YES;
				PROVISIONING_PROFILE = "91a9aec2-e7ea-4511-8453-9f1174aea37b";
				SDKROOT = iphoneos;
				TARGETED_DEVICE_FAMILY = "1,2";
			};
			name = Debug;
		};
		8520651D1D16D7D70073F05C /* Release */ = {
			isa = XCBuildConfiguration;
			buildSettings = {
				ALWAYS_SEARCH_USER_PATHS = NO;
				CLANG_ANALYZER_NONNULL = YES;
				CLANG_CXX_LANGUAGE_STANDARD = "gnu++0x";
				CLANG_CXX_LIBRARY = "libc++";
				CLANG_ENABLE_MODULES = YES;
				CLANG_ENABLE_OBJC_ARC = YES;
				CLANG_WARN_BOOL_CONVERSION = YES;
				CLANG_WARN_CONSTANT_CONVERSION = YES;
				CLANG_WARN_DIRECT_OBJC_ISA_USAGE = YES_ERROR;
				CLANG_WARN_EMPTY_BODY = YES;
				CLANG_WARN_ENUM_CONVERSION = YES;
				CLANG_WARN_INT_CONVERSION = YES;
				CLANG_WARN_OBJC_ROOT_CLASS = YES_ERROR;
				CLANG_WARN_UNREACHABLE_CODE = YES;
				CLANG_WARN__DUPLICATE_METHOD_MATCH = YES;
				CODE_SIGN_IDENTITY = "iPhone Distribution: DingYu Hu (7P9SA59BN9)";
				"CODE_SIGN_IDENTITY[sdk=iphoneos*]" = "iPhone Distribution: DingYu Hu (7P9SA59BN9)";
				COPY_PHASE_STRIP = NO;
				DEBUG_INFORMATION_FORMAT = "dwarf-with-dsym";
				ENABLE_NS_ASSERTIONS = NO;
				ENABLE_STRICT_OBJC_MSGSEND = YES;
				GCC_C_LANGUAGE_STANDARD = gnu99;
				GCC_NO_COMMON_BLOCKS = YES;
				GCC_WARN_64_TO_32_BIT_CONVERSION = YES;
				GCC_WARN_ABOUT_RETURN_TYPE = YES_ERROR;
				GCC_WARN_UNDECLARED_SELECTOR = YES;
				GCC_WARN_UNINITIALIZED_AUTOS = YES_AGGRESSIVE;
				GCC_WARN_UNUSED_FUNCTION = YES;
				GCC_WARN_UNUSED_VARIABLE = YES;
				IPHONEOS_DEPLOYMENT_TARGET = 9.3;
				MTL_ENABLE_DEBUG_INFO = NO;
				PROVISIONING_PROFILE = "91a9aec2-e7ea-4511-8453-9f1174aea37b";
				SDKROOT = iphoneos;
				TARGETED_DEVICE_FAMILY = "1,2";
				VALIDATE_PRODUCT = YES;
			};
			name = Release;
		};
		8520651F1D16D7D70073F05C /* Debug */ = {
			isa = XCBuildConfiguration;
			baseConfigurationReference = CB29285838B642011E7FAFCA /* Pods-cnBeta.debug.xcconfig */;
			buildSettings = {
				ASSETCATALOG_COMPILER_APPICON_NAME = AppIcon;
				ASSETCATALOG_COMPILER_LAUNCHIMAGE_NAME = LaunchImage;
				CODE_SIGN_IDENTITY = "iPhone Developer";
				"CODE_SIGN_IDENTITY[sdk=iphoneos*]" = "iPhone Developer";
				ENABLE_BITCODE = YES;
				FRAMEWORK_SEARCH_PATHS = (
					"$(inherited)",
					"$(PROJECT_DIR)/cnBeta/Lib/UMSocial_Sdk_Extra_Frameworks/TencentOpenAPI",
				);
				INFOPLIST_FILE = cnBeta/Info.plist;
				IPHONEOS_DEPLOYMENT_TARGET = 8.0;
				LD_RUNPATH_SEARCH_PATHS = "$(inherited) @executable_path/Frameworks";
				LIBRARY_SEARCH_PATHS = (
					"$(inherited)",
					"$(PROJECT_DIR)/cnBeta/Lib/UMSocial_Sdk_5.2.1",
					"$(PROJECT_DIR)/cnBeta/Lib/UMSocial_Sdk_Extra_Frameworks/TencentOpenAPI",
					"$(PROJECT_DIR)/cnBeta/Lib/UMSocial_Sdk_Extra_Frameworks/Wechat",
				);
				PRODUCT_BUNDLE_IDENTIFIER = com.hudy.cnBeta;
				PRODUCT_NAME = "$(TARGET_NAME)";
				PROVISIONING_PROFILE = "";
				TARGETED_DEVICE_FAMILY = 1;
			};
			name = Debug;
		};
		852065201D16D7D70073F05C /* Release */ = {
			isa = XCBuildConfiguration;
			baseConfigurationReference = F66FAEC80438859544640472 /* Pods-cnBeta.release.xcconfig */;
			buildSettings = {
				ASSETCATALOG_COMPILER_APPICON_NAME = AppIcon;
				ASSETCATALOG_COMPILER_LAUNCHIMAGE_NAME = LaunchImage;
				CODE_SIGN_IDENTITY = "iPhone Developer";
				"CODE_SIGN_IDENTITY[sdk=iphoneos*]" = "iPhone Developer";
				ENABLE_BITCODE = YES;
				FRAMEWORK_SEARCH_PATHS = (
					"$(inherited)",
					"$(PROJECT_DIR)/cnBeta/Lib/UMSocial_Sdk_Extra_Frameworks/TencentOpenAPI",
				);
				INFOPLIST_FILE = cnBeta/Info.plist;
				IPHONEOS_DEPLOYMENT_TARGET = 8.0;
				LD_RUNPATH_SEARCH_PATHS = "$(inherited) @executable_path/Frameworks";
				LIBRARY_SEARCH_PATHS = (
					"$(inherited)",
					"$(PROJECT_DIR)/cnBeta/Lib/UMSocial_Sdk_5.2.1",
					"$(PROJECT_DIR)/cnBeta/Lib/UMSocial_Sdk_Extra_Frameworks/TencentOpenAPI",
					"$(PROJECT_DIR)/cnBeta/Lib/UMSocial_Sdk_Extra_Frameworks/Wechat",
				);
				PRODUCT_BUNDLE_IDENTIFIER = com.hudy.cnBeta;
				PRODUCT_NAME = "$(TARGET_NAME)";
				PROVISIONING_PROFILE = "";
				TARGETED_DEVICE_FAMILY = 1;
			};
			name = Release;
		};
		852065221D16D7D70073F05C /* Debug */ = {
			isa = XCBuildConfiguration;
			buildSettings = {
				BUNDLE_LOADER = "$(TEST_HOST)";
				INFOPLIST_FILE = cnBetaTests/Info.plist;
				LD_RUNPATH_SEARCH_PATHS = "$(inherited) @executable_path/Frameworks @loader_path/Frameworks";
				PRODUCT_BUNDLE_IDENTIFIER = sjtu.cnBetaTests;
				PRODUCT_NAME = "$(TARGET_NAME)";
				TEST_HOST = "$(BUILT_PRODUCTS_DIR)/cnBeta.app/cnBeta";
			};
			name = Debug;
		};
		852065231D16D7D70073F05C /* Release */ = {
			isa = XCBuildConfiguration;
			buildSettings = {
				BUNDLE_LOADER = "$(TEST_HOST)";
				INFOPLIST_FILE = cnBetaTests/Info.plist;
				LD_RUNPATH_SEARCH_PATHS = "$(inherited) @executable_path/Frameworks @loader_path/Frameworks";
				PRODUCT_BUNDLE_IDENTIFIER = sjtu.cnBetaTests;
				PRODUCT_NAME = "$(TARGET_NAME)";
				TEST_HOST = "$(BUILT_PRODUCTS_DIR)/cnBeta.app/cnBeta";
			};
			name = Release;
		};
		852065251D16D7D70073F05C /* Debug */ = {
			isa = XCBuildConfiguration;
			buildSettings = {
				INFOPLIST_FILE = cnBetaUITests/Info.plist;
				LD_RUNPATH_SEARCH_PATHS = "$(inherited) @executable_path/Frameworks @loader_path/Frameworks";
				PRODUCT_BUNDLE_IDENTIFIER = sjtu.cnBetaUITests;
				PRODUCT_NAME = "$(TARGET_NAME)";
				TEST_TARGET_NAME = cnBeta;
			};
			name = Debug;
		};
		852065261D16D7D70073F05C /* Release */ = {
			isa = XCBuildConfiguration;
			buildSettings = {
				INFOPLIST_FILE = cnBetaUITests/Info.plist;
				LD_RUNPATH_SEARCH_PATHS = "$(inherited) @executable_path/Frameworks @loader_path/Frameworks";
				PRODUCT_BUNDLE_IDENTIFIER = sjtu.cnBetaUITests;
				PRODUCT_NAME = "$(TARGET_NAME)";
				TEST_TARGET_NAME = cnBeta;
			};
			name = Release;
		};
/* End XCBuildConfiguration section */

/* Begin XCConfigurationList section */
		852064EC1D16D7D70073F05C /* Build configuration list for PBXProject "cnBeta" */ = {
			isa = XCConfigurationList;
			buildConfigurations = (
				8520651C1D16D7D70073F05C /* Debug */,
				8520651D1D16D7D70073F05C /* Release */,
			);
			defaultConfigurationIsVisible = 0;
			defaultConfigurationName = Release;
		};
		8520651E1D16D7D70073F05C /* Build configuration list for PBXNativeTarget "cnBeta" */ = {
			isa = XCConfigurationList;
			buildConfigurations = (
				8520651F1D16D7D70073F05C /* Debug */,
				852065201D16D7D70073F05C /* Release */,
			);
			defaultConfigurationIsVisible = 0;
			defaultConfigurationName = Release;
		};
		852065211D16D7D70073F05C /* Build configuration list for PBXNativeTarget "cnBetaTests" */ = {
			isa = XCConfigurationList;
			buildConfigurations = (
				852065221D16D7D70073F05C /* Debug */,
				852065231D16D7D70073F05C /* Release */,
			);
			defaultConfigurationIsVisible = 0;
			defaultConfigurationName = Release;
		};
		852065241D16D7D70073F05C /* Build configuration list for PBXNativeTarget "cnBetaUITests" */ = {
			isa = XCConfigurationList;
			buildConfigurations = (
				852065251D16D7D70073F05C /* Debug */,
				852065261D16D7D70073F05C /* Release */,
			);
			defaultConfigurationIsVisible = 0;
			defaultConfigurationName = Release;
		};
/* End XCConfigurationList section */
	};
	rootObject = 852064E91D16D7D70073F05C /* Project object */;
}
